
Microsoft Visual Studio Solution File, Format Version 12.00
# Visual Studio 15
VisualStudioVersion = 15.0.26124.0
MinimumVisualStudioVersion = 15.0.26124.0
Project("{2150E333-8FDC-42A3-9474-1A3956D46DE8}") = "src", "src", "{56D8EB11-1B13-4E44-8AD5-372F6DCA3409}"
EndProject
Project("{FAE04EC0-301F-11D3-BF4B-00C04F79EFBC}") = "CEo", "src\Common\CEo.csproj", "{C28F1F49-3DDF-487F-9F73-A3652469FD0E}"
EndProject
Project("{2150E333-8FDC-42A3-9474-1A3956D46DE8}") = "Genshin", "Genshin", "{A17B323C-7488-4754-BB69-6A07EBD67672}"
EndProject
Project("{2150E333-8FDC-42A3-9474-1A3956D46DE8}") = "src", "src", "{2CD2E21E-5DA1-4D7A-A630-1FB7F96DF531}"
EndProject
Project("{FAE04EC0-301F-11D3-BF4B-00C04F79EFBC}") = "CEo.Genshin", "src\Genshin\src\Common\CEo.Genshin.csproj", "{290F65D1-B01B-4F8A-AC97-4B12F34BA7E5}"
EndProject
Project("{2150E333-8FDC-42A3-9474-1A3956D46DE8}") = "Drops", "Drops", "{87F19E33-9B28-4E81-BFF3-1EBFBB325932}"
EndProject
Project("{2150E333-8FDC-42A3-9474-1A3956D46DE8}") = "src", "src", "{64067D74-EB89-462B-83EC-F733DB42E283}"
EndProject
Project("{FAE04EC0-301F-11D3-BF4B-00C04F79EFBC}") = "CEo.Genshin.Drops.Console", "src\Genshin\src\Drops\src\Console\CEo.Genshin.Drops.Console.csproj", "{C6F857C8-5F9A-411C-8355-5524CAAADF82}"
EndProject
Project("{FAE04EC0-301F-11D3-BF4B-00C04F79EFBC}") = "CEo.Genshin.Drops", "src\Genshin\src\Drops\src\Core\CEo.Genshin.Drops.csproj", "{E5849077-3A2D-4DF5-8A1D-121E2143051B}"
EndProject
Project("{FAE04EC0-301F-11D3-BF4B-00C04F79EFBC}") = "CEo.Genshin.Drops.Dataset", "src\Genshin\src\Drops\src\Dataset\CEo.Genshin.Drops.Dataset.csproj", "{5C14E54B-3032-4A11-AB27-B1CF2DEDAA12}"
EndProject
Project("{2150E333-8FDC-42A3-9474-1A3956D46DE8}") = "test", "test", "{CBD9CDB0-504C-4F1A-B2E7-4A8E717C7098}"
EndProject
Project("{FAE04EC0-301F-11D3-BF4B-00C04F79EFBC}") = "CEo.Genshin.Drops.Tests", "src\Genshin\src\Drops\test\Core.Tests\CEo.Genshin.Drops.Tests.csproj", "{36238C3C-CE69-4BC5-A3DA-2760535032AD}"
EndProject
Project("{FAE04EC0-301F-11D3-BF4B-00C04F79EFBC}") = "CEo.Genshin.Drops.Dataset.Tests", "src\Genshin\src\Drops\test\Dataset.Tests\CEo.Genshin.Drops.Dataset.Tests.csproj", "{D41E7C37-71C0-48AF-9056-B7154900255A}"
EndProject
Project("{2150E333-8FDC-42A3-9474-1A3956D46DE8}") = "test", "test", "{338510FB-53FC-4ECA-A02E-3E87C28F771F}"
EndProject
Project("{FAE04EC0-301F-11D3-BF4B-00C04F79EFBC}") = "CEo.Genshin.Tests", "src\Genshin\test\Common.Tests\CEo.Genshin.Tests.csproj", "{1F19D547-006F-4FCC-B509-6CA26FABAAAB}"
EndProject
Project("{FAE04EC0-301F-11D3-BF4B-00C04F79EFBC}") = "CEo.IO", "src\IO\CEo.IO.csproj", "{AC40C038-E30F-4058-98A9-E22713EBED30}"
EndProject
Project("{2150E333-8FDC-42A3-9474-1A3956D46DE8}") = "ML", "ML", "{C26DC5E4-50B2-40EE-A48A-4766FCE03582}"
EndProject
Project("{2150E333-8FDC-42A3-9474-1A3956D46DE8}") = "src", "src", "{48E66E03-DB4D-407F-B60D-AF1C0D1E8A8A}"
EndProject
Project("{FAE04EC0-301F-11D3-BF4B-00C04F79EFBC}") = "CEo.ML", "src\ML\src\Common\CEo.ML.csproj", "{6B6D5314-7FB7-4215-9984-2127311AD354}"
EndProject
Project("{FAE04EC0-301F-11D3-BF4B-00C04F79EFBC}") = "CEo.ML.ObjectDetection.Yolo", "src\ML\src\ObjectDetection.Yolo\CEo.ML.ObjectDetection.Yolo.csproj", "{538815E9-7AD9-4470-9247-F44FF43A4D5D}"
EndProject
Project("{FAE04EC0-301F-11D3-BF4B-00C04F79EFBC}") = "CEo.ML.ObjectDetection", "src\ML\src\ObjectDetection\CEo.ML.ObjectDetection.csproj", "{CD54D0A6-1DD0-41A8-8E85-5B714B22965F}"
EndProject
Project("{FAE04EC0-301F-11D3-BF4B-00C04F79EFBC}") = "CEo.ML.TextRecognition.Tesseract", "src\ML\src\TextRecognition.Tesseract\CEo.ML.TextRecognition.Tesseract.csproj", "{D0A13C77-686F-494A-AAD4-B323C6411A85}"
EndProject
Project("{2150E333-8FDC-42A3-9474-1A3956D46DE8}") = "test", "test", "{378A3F4D-DD32-4D36-B4BD-43C5261927B8}"
EndProject
Project("{FAE04EC0-301F-11D3-BF4B-00C04F79EFBC}") = "CEo.ML.Tests", "src\ML\test\Common.Tests\CEo.ML.Tests.csproj", "{D2AD634B-768D-4A4E-BE2D-629B0883A514}"
EndProject
Project("{FAE04EC0-301F-11D3-BF4B-00C04F79EFBC}") = "CEo.ML.ObjectDetection.Tests", "src\ML\test\ObjectDetection.Tests\CEo.ML.ObjectDetection.Tests.csproj", "{595380C6-A0C8-4128-BD3C-227750D756CD}"
EndProject
Project("{FAE04EC0-301F-11D3-BF4B-00C04F79EFBC}") = "CEo.ML.ObjectDetection.Yolo.Tests", "src\ML\test\ObjectDetection.Yolo.Tests\CEo.ML.ObjectDetection.Yolo.Tests.csproj", "{5874D094-3BEB-484C-95F6-12F497C6917F}"
EndProject
Project("{2150E333-8FDC-42A3-9474-1A3956D46DE8}") = "test", "test", "{1FC59533-C0FE-4F24-9394-6050B0551B02}"
EndProject
Project("{FAE04EC0-301F-11D3-BF4B-00C04F79EFBC}") = "CEo.Tests", "test\Common.Tests\CEo.Tests.csproj", "{C6E04E3C-C97B-41DD-8F1A-6E5A862B0B5B}"
EndProject
Project("{FAE04EC0-301F-11D3-BF4B-00C04F79EFBC}") = "CEo.IO.Tests", "test\IO.Tests\CEo.IO.Tests.csproj", "{EC57709E-991A-4F6D-99F3-C23A2E351B73}"
EndProject
Global
	GlobalSection(SolutionConfigurationPlatforms) = preSolution
		Debug|Any CPU = Debug|Any CPU
		Debug|x64 = Debug|x64
		Debug|x86 = Debug|x86
		Release|Any CPU = Release|Any CPU
		Release|x64 = Release|x64
		Release|x86 = Release|x86
	EndGlobalSection
	GlobalSection(SolutionProperties) = preSolution
		HideSolutionNode = FALSE
	EndGlobalSection
	GlobalSection(ProjectConfigurationPlatforms) = postSolution
		{C28F1F49-3DDF-487F-9F73-A3652469FD0E}.Debug|Any CPU.ActiveCfg = Debug|Any CPU
		{C28F1F49-3DDF-487F-9F73-A3652469FD0E}.Debug|Any CPU.Build.0 = Debug|Any CPU
		{C28F1F49-3DDF-487F-9F73-A3652469FD0E}.Debug|x64.ActiveCfg = Debug|Any CPU
		{C28F1F49-3DDF-487F-9F73-A3652469FD0E}.Debug|x64.Build.0 = Debug|Any CPU
		{C28F1F49-3DDF-487F-9F73-A3652469FD0E}.Debug|x86.ActiveCfg = Debug|Any CPU
		{C28F1F49-3DDF-487F-9F73-A3652469FD0E}.Debug|x86.Build.0 = Debug|Any CPU
		{C28F1F49-3DDF-487F-9F73-A3652469FD0E}.Release|Any CPU.ActiveCfg = Release|Any CPU
		{C28F1F49-3DDF-487F-9F73-A3652469FD0E}.Release|Any CPU.Build.0 = Release|Any CPU
		{C28F1F49-3DDF-487F-9F73-A3652469FD0E}.Release|x64.ActiveCfg = Release|Any CPU
		{C28F1F49-3DDF-487F-9F73-A3652469FD0E}.Release|x64.Build.0 = Release|Any CPU
		{C28F1F49-3DDF-487F-9F73-A3652469FD0E}.Release|x86.ActiveCfg = Release|Any CPU
		{C28F1F49-3DDF-487F-9F73-A3652469FD0E}.Release|x86.Build.0 = Release|Any CPU
		{290F65D1-B01B-4F8A-AC97-4B12F34BA7E5}.Debug|Any CPU.ActiveCfg = Debug|Any CPU
		{290F65D1-B01B-4F8A-AC97-4B12F34BA7E5}.Debug|Any CPU.Build.0 = Debug|Any CPU
		{290F65D1-B01B-4F8A-AC97-4B12F34BA7E5}.Debug|x64.ActiveCfg = Debug|Any CPU
		{290F65D1-B01B-4F8A-AC97-4B12F34BA7E5}.Debug|x64.Build.0 = Debug|Any CPU
		{290F65D1-B01B-4F8A-AC97-4B12F34BA7E5}.Debug|x86.ActiveCfg = Debug|Any CPU
		{290F65D1-B01B-4F8A-AC97-4B12F34BA7E5}.Debug|x86.Build.0 = Debug|Any CPU
		{290F65D1-B01B-4F8A-AC97-4B12F34BA7E5}.Release|Any CPU.ActiveCfg = Release|Any CPU
		{290F65D1-B01B-4F8A-AC97-4B12F34BA7E5}.Release|Any CPU.Build.0 = Release|Any CPU
		{290F65D1-B01B-4F8A-AC97-4B12F34BA7E5}.Release|x64.ActiveCfg = Release|Any CPU
		{290F65D1-B01B-4F8A-AC97-4B12F34BA7E5}.Release|x64.Build.0 = Release|Any CPU
		{290F65D1-B01B-4F8A-AC97-4B12F34BA7E5}.Release|x86.ActiveCfg = Release|Any CPU
		{290F65D1-B01B-4F8A-AC97-4B12F34BA7E5}.Release|x86.Build.0 = Release|Any CPU
		{C6F857C8-5F9A-411C-8355-5524CAAADF82}.Debug|Any CPU.ActiveCfg = Debug|Any CPU
		{C6F857C8-5F9A-411C-8355-5524CAAADF82}.Debug|Any CPU.Build.0 = Debug|Any CPU
		{C6F857C8-5F9A-411C-8355-5524CAAADF82}.Debug|x64.ActiveCfg = Debug|Any CPU
		{C6F857C8-5F9A-411C-8355-5524CAAADF82}.Debug|x64.Build.0 = Debug|Any CPU
		{C6F857C8-5F9A-411C-8355-5524CAAADF82}.Debug|x86.ActiveCfg = Debug|Any CPU
		{C6F857C8-5F9A-411C-8355-5524CAAADF82}.Debug|x86.Build.0 = Debug|Any CPU
		{C6F857C8-5F9A-411C-8355-5524CAAADF82}.Release|Any CPU.ActiveCfg = Release|Any CPU
		{C6F857C8-5F9A-411C-8355-5524CAAADF82}.Release|Any CPU.Build.0 = Release|Any CPU
		{C6F857C8-5F9A-411C-8355-5524CAAADF82}.Release|x64.ActiveCfg = Release|Any CPU
		{C6F857C8-5F9A-411C-8355-5524CAAADF82}.Release|x64.Build.0 = Release|Any CPU
		{C6F857C8-5F9A-411C-8355-5524CAAADF82}.Release|x86.ActiveCfg = Release|Any CPU
		{C6F857C8-5F9A-411C-8355-5524CAAADF82}.Release|x86.Build.0 = Release|Any CPU
		{E5849077-3A2D-4DF5-8A1D-121E2143051B}.Debug|Any CPU.ActiveCfg = Debug|Any CPU
		{E5849077-3A2D-4DF5-8A1D-121E2143051B}.Debug|Any CPU.Build.0 = Debug|Any CPU
		{E5849077-3A2D-4DF5-8A1D-121E2143051B}.Debug|x64.ActiveCfg = Debug|Any CPU
		{E5849077-3A2D-4DF5-8A1D-121E2143051B}.Debug|x64.Build.0 = Debug|Any CPU
		{E5849077-3A2D-4DF5-8A1D-121E2143051B}.Debug|x86.ActiveCfg = Debug|Any CPU
		{E5849077-3A2D-4DF5-8A1D-121E2143051B}.Debug|x86.Build.0 = Debug|Any CPU
		{E5849077-3A2D-4DF5-8A1D-121E2143051B}.Release|Any CPU.ActiveCfg = Release|Any CPU
		{E5849077-3A2D-4DF5-8A1D-121E2143051B}.Release|Any CPU.Build.0 = Release|Any CPU
		{E5849077-3A2D-4DF5-8A1D-121E2143051B}.Release|x64.ActiveCfg = Release|Any CPU
		{E5849077-3A2D-4DF5-8A1D-121E2143051B}.Release|x64.Build.0 = Release|Any CPU
		{E5849077-3A2D-4DF5-8A1D-121E2143051B}.Release|x86.ActiveCfg = Release|Any CPU
		{E5849077-3A2D-4DF5-8A1D-121E2143051B}.Release|x86.Build.0 = Release|Any CPU
		{5C14E54B-3032-4A11-AB27-B1CF2DEDAA12}.Debug|Any CPU.ActiveCfg = Debug|Any CPU
		{5C14E54B-3032-4A11-AB27-B1CF2DEDAA12}.Debug|Any CPU.Build.0 = Debug|Any CPU
		{5C14E54B-3032-4A11-AB27-B1CF2DEDAA12}.Debug|x64.ActiveCfg = Debug|Any CPU
		{5C14E54B-3032-4A11-AB27-B1CF2DEDAA12}.Debug|x64.Build.0 = Debug|Any CPU
		{5C14E54B-3032-4A11-AB27-B1CF2DEDAA12}.Debug|x86.ActiveCfg = Debug|Any CPU
		{5C14E54B-3032-4A11-AB27-B1CF2DEDAA12}.Debug|x86.Build.0 = Debug|Any CPU
		{5C14E54B-3032-4A11-AB27-B1CF2DEDAA12}.Release|Any CPU.ActiveCfg = Release|Any CPU
		{5C14E54B-3032-4A11-AB27-B1CF2DEDAA12}.Release|Any CPU.Build.0 = Release|Any CPU
		{5C14E54B-3032-4A11-AB27-B1CF2DEDAA12}.Release|x64.ActiveCfg = Release|Any CPU
		{5C14E54B-3032-4A11-AB27-B1CF2DEDAA12}.Release|x64.Build.0 = Release|Any CPU
		{5C14E54B-3032-4A11-AB27-B1CF2DEDAA12}.Release|x86.ActiveCfg = Release|Any CPU
		{5C14E54B-3032-4A11-AB27-B1CF2DEDAA12}.Release|x86.Build.0 = Release|Any CPU
		{36238C3C-CE69-4BC5-A3DA-2760535032AD}.Debug|Any CPU.ActiveCfg = Debug|Any CPU
		{36238C3C-CE69-4BC5-A3DA-2760535032AD}.Debug|Any CPU.Build.0 = Debug|Any CPU
		{36238C3C-CE69-4BC5-A3DA-2760535032AD}.Debug|x64.ActiveCfg = Debug|Any CPU
		{36238C3C-CE69-4BC5-A3DA-2760535032AD}.Debug|x64.Build.0 = Debug|Any CPU
		{36238C3C-CE69-4BC5-A3DA-2760535032AD}.Debug|x86.ActiveCfg = Debug|Any CPU
		{36238C3C-CE69-4BC5-A3DA-2760535032AD}.Debug|x86.Build.0 = Debug|Any CPU
		{36238C3C-CE69-4BC5-A3DA-2760535032AD}.Release|Any CPU.ActiveCfg = Release|Any CPU
		{36238C3C-CE69-4BC5-A3DA-2760535032AD}.Release|Any CPU.Build.0 = Release|Any CPU
		{36238C3C-CE69-4BC5-A3DA-2760535032AD}.Release|x64.ActiveCfg = Release|Any CPU
		{36238C3C-CE69-4BC5-A3DA-2760535032AD}.Release|x64.Build.0 = Release|Any CPU
		{36238C3C-CE69-4BC5-A3DA-2760535032AD}.Release|x86.ActiveCfg = Release|Any CPU
		{36238C3C-CE69-4BC5-A3DA-2760535032AD}.Release|x86.Build.0 = Release|Any CPU
		{D41E7C37-71C0-48AF-9056-B7154900255A}.Debug|Any CPU.ActiveCfg = Debug|Any CPU
		{D41E7C37-71C0-48AF-9056-B7154900255A}.Debug|Any CPU.Build.0 = Debug|Any CPU
		{D41E7C37-71C0-48AF-9056-B7154900255A}.Debug|x64.ActiveCfg = Debug|Any CPU
		{D41E7C37-71C0-48AF-9056-B7154900255A}.Debug|x64.Build.0 = Debug|Any CPU
		{D41E7C37-71C0-48AF-9056-B7154900255A}.Debug|x86.ActiveCfg = Debug|Any CPU
		{D41E7C37-71C0-48AF-9056-B7154900255A}.Debug|x86.Build.0 = Debug|Any CPU
		{D41E7C37-71C0-48AF-9056-B7154900255A}.Release|Any CPU.ActiveCfg = Release|Any CPU
		{D41E7C37-71C0-48AF-9056-B7154900255A}.Release|Any CPU.Build.0 = Release|Any CPU
		{D41E7C37-71C0-48AF-9056-B7154900255A}.Release|x64.ActiveCfg = Release|Any CPU
		{D41E7C37-71C0-48AF-9056-B7154900255A}.Release|x64.Build.0 = Release|Any CPU
		{D41E7C37-71C0-48AF-9056-B7154900255A}.Release|x86.ActiveCfg = Release|Any CPU
		{D41E7C37-71C0-48AF-9056-B7154900255A}.Release|x86.Build.0 = Release|Any CPU
		{1F19D547-006F-4FCC-B509-6CA26FABAAAB}.Debug|Any CPU.ActiveCfg = Debug|Any CPU
		{1F19D547-006F-4FCC-B509-6CA26FABAAAB}.Debug|Any CPU.Build.0 = Debug|Any CPU
		{1F19D547-006F-4FCC-B509-6CA26FABAAAB}.Debug|x64.ActiveCfg = Debug|Any CPU
		{1F19D547-006F-4FCC-B509-6CA26FABAAAB}.Debug|x64.Build.0 = Debug|Any CPU
		{1F19D547-006F-4FCC-B509-6CA26FABAAAB}.Debug|x86.ActiveCfg = Debug|Any CPU
		{1F19D547-006F-4FCC-B509-6CA26FABAAAB}.Debug|x86.Build.0 = Debug|Any CPU
		{1F19D547-006F-4FCC-B509-6CA26FABAAAB}.Release|Any CPU.ActiveCfg = Release|Any CPU
		{1F19D547-006F-4FCC-B509-6CA26FABAAAB}.Release|Any CPU.Build.0 = Release|Any CPU
		{1F19D547-006F-4FCC-B509-6CA26FABAAAB}.Release|x64.ActiveCfg = Release|Any CPU
		{1F19D547-006F-4FCC-B509-6CA26FABAAAB}.Release|x64.Build.0 = Release|Any CPU
		{1F19D547-006F-4FCC-B509-6CA26FABAAAB}.Release|x86.ActiveCfg = Release|Any CPU
		{1F19D547-006F-4FCC-B509-6CA26FABAAAB}.Release|x86.Build.0 = Release|Any CPU
		{AC40C038-E30F-4058-98A9-E22713EBED30}.Debug|Any CPU.ActiveCfg = Debug|Any CPU
		{AC40C038-E30F-4058-98A9-E22713EBED30}.Debug|Any CPU.Build.0 = Debug|Any CPU
		{AC40C038-E30F-4058-98A9-E22713EBED30}.Debug|x64.ActiveCfg = Debug|Any CPU
		{AC40C038-E30F-4058-98A9-E22713EBED30}.Debug|x64.Build.0 = Debug|Any CPU
		{AC40C038-E30F-4058-98A9-E22713EBED30}.Debug|x86.ActiveCfg = Debug|Any CPU
		{AC40C038-E30F-4058-98A9-E22713EBED30}.Debug|x86.Build.0 = Debug|Any CPU
		{AC40C038-E30F-4058-98A9-E22713EBED30}.Release|Any CPU.ActiveCfg = Release|Any CPU
		{AC40C038-E30F-4058-98A9-E22713EBED30}.Release|Any CPU.Build.0 = Release|Any CPU
		{AC40C038-E30F-4058-98A9-E22713EBED30}.Release|x64.ActiveCfg = Release|Any CPU
		{AC40C038-E30F-4058-98A9-E22713EBED30}.Release|x64.Build.0 = Release|Any CPU
		{AC40C038-E30F-4058-98A9-E22713EBED30}.Release|x86.ActiveCfg = Release|Any CPU
		{AC40C038-E30F-4058-98A9-E22713EBED30}.Release|x86.Build.0 = Release|Any CPU
		{6B6D5314-7FB7-4215-9984-2127311AD354}.Debug|Any CPU.ActiveCfg = Debug|Any CPU
		{6B6D5314-7FB7-4215-9984-2127311AD354}.Debug|Any CPU.Build.0 = Debug|Any CPU
		{6B6D5314-7FB7-4215-9984-2127311AD354}.Debug|x64.ActiveCfg = Debug|Any CPU
		{6B6D5314-7FB7-4215-9984-2127311AD354}.Debug|x64.Build.0 = Debug|Any CPU
		{6B6D5314-7FB7-4215-9984-2127311AD354}.Debug|x86.ActiveCfg = Debug|Any CPU
		{6B6D5314-7FB7-4215-9984-2127311AD354}.Debug|x86.Build.0 = Debug|Any CPU
		{6B6D5314-7FB7-4215-9984-2127311AD354}.Release|Any CPU.ActiveCfg = Release|Any CPU
		{6B6D5314-7FB7-4215-9984-2127311AD354}.Release|Any CPU.Build.0 = Release|Any CPU
		{6B6D5314-7FB7-4215-9984-2127311AD354}.Release|x64.ActiveCfg = Release|Any CPU
		{6B6D5314-7FB7-4215-9984-2127311AD354}.Release|x64.Build.0 = Release|Any CPU
		{6B6D5314-7FB7-4215-9984-2127311AD354}.Release|x86.ActiveCfg = Release|Any CPU
		{6B6D5314-7FB7-4215-9984-2127311AD354}.Release|x86.Build.0 = Release|Any CPU
		{538815E9-7AD9-4470-9247-F44FF43A4D5D}.Debug|Any CPU.ActiveCfg = Debug|Any CPU
		{538815E9-7AD9-4470-9247-F44FF43A4D5D}.Debug|Any CPU.Build.0 = Debug|Any CPU
		{538815E9-7AD9-4470-9247-F44FF43A4D5D}.Debug|x64.ActiveCfg = Debug|Any CPU
		{538815E9-7AD9-4470-9247-F44FF43A4D5D}.Debug|x64.Build.0 = Debug|Any CPU
		{538815E9-7AD9-4470-9247-F44FF43A4D5D}.Debug|x86.ActiveCfg = Debug|Any CPU
		{538815E9-7AD9-4470-9247-F44FF43A4D5D}.Debug|x86.Build.0 = Debug|Any CPU
		{538815E9-7AD9-4470-9247-F44FF43A4D5D}.Release|Any CPU.ActiveCfg = Release|Any CPU
		{538815E9-7AD9-4470-9247-F44FF43A4D5D}.Release|Any CPU.Build.0 = Release|Any CPU
		{538815E9-7AD9-4470-9247-F44FF43A4D5D}.Release|x64.ActiveCfg = Release|Any CPU
		{538815E9-7AD9-4470-9247-F44FF43A4D5D}.Release|x64.Build.0 = Release|Any CPU
		{538815E9-7AD9-4470-9247-F44FF43A4D5D}.Release|x86.ActiveCfg = Release|Any CPU
		{538815E9-7AD9-4470-9247-F44FF43A4D5D}.Release|x86.Build.0 = Release|Any CPU
		{CD54D0A6-1DD0-41A8-8E85-5B714B22965F}.Debug|Any CPU.ActiveCfg = Debug|Any CPU
		{CD54D0A6-1DD0-41A8-8E85-5B714B22965F}.Debug|Any CPU.Build.0 = Debug|Any CPU
		{CD54D0A6-1DD0-41A8-8E85-5B714B22965F}.Debug|x64.ActiveCfg = Debug|Any CPU
		{CD54D0A6-1DD0-41A8-8E85-5B714B22965F}.Debug|x64.Build.0 = Debug|Any CPU
		{CD54D0A6-1DD0-41A8-8E85-5B714B22965F}.Debug|x86.ActiveCfg = Debug|Any CPU
		{CD54D0A6-1DD0-41A8-8E85-5B714B22965F}.Debug|x86.Build.0 = Debug|Any CPU
		{CD54D0A6-1DD0-41A8-8E85-5B714B22965F}.Release|Any CPU.ActiveCfg = Release|Any CPU
		{CD54D0A6-1DD0-41A8-8E85-5B714B22965F}.Release|Any CPU.Build.0 = Release|Any CPU
		{CD54D0A6-1DD0-41A8-8E85-5B714B22965F}.Release|x64.ActiveCfg = Release|Any CPU
		{CD54D0A6-1DD0-41A8-8E85-5B714B22965F}.Release|x64.Build.0 = Release|Any CPU
		{CD54D0A6-1DD0-41A8-8E85-5B714B22965F}.Release|x86.ActiveCfg = Release|Any CPU
		{CD54D0A6-1DD0-41A8-8E85-5B714B22965F}.Release|x86.Build.0 = Release|Any CPU
		{D0A13C77-686F-494A-AAD4-B323C6411A85}.Debug|Any CPU.ActiveCfg = Debug|Any CPU
		{D0A13C77-686F-494A-AAD4-B323C6411A85}.Debug|Any CPU.Build.0 = Debug|Any CPU
		{D0A13C77-686F-494A-AAD4-B323C6411A85}.Debug|x64.ActiveCfg = Debug|Any CPU
		{D0A13C77-686F-494A-AAD4-B323C6411A85}.Debug|x64.Build.0 = Debug|Any CPU
		{D0A13C77-686F-494A-AAD4-B323C6411A85}.Debug|x86.ActiveCfg = Debug|Any CPU
		{D0A13C77-686F-494A-AAD4-B323C6411A85}.Debug|x86.Build.0 = Debug|Any CPU
		{D0A13C77-686F-494A-AAD4-B323C6411A85}.Release|Any CPU.ActiveCfg = Release|Any CPU
		{D0A13C77-686F-494A-AAD4-B323C6411A85}.Release|Any CPU.Build.0 = Release|Any CPU
		{D0A13C77-686F-494A-AAD4-B323C6411A85}.Release|x64.ActiveCfg = Release|Any CPU
		{D0A13C77-686F-494A-AAD4-B323C6411A85}.Release|x64.Build.0 = Release|Any CPU
		{D0A13C77-686F-494A-AAD4-B323C6411A85}.Release|x86.ActiveCfg = Release|Any CPU
		{D0A13C77-686F-494A-AAD4-B323C6411A85}.Release|x86.Build.0 = Release|Any CPU
		{D2AD634B-768D-4A4E-BE2D-629B0883A514}.Debug|Any CPU.ActiveCfg = Debug|Any CPU
		{D2AD634B-768D-4A4E-BE2D-629B0883A514}.Debug|Any CPU.Build.0 = Debug|Any CPU
		{D2AD634B-768D-4A4E-BE2D-629B0883A514}.Debug|x64.ActiveCfg = Debug|Any CPU
		{D2AD634B-768D-4A4E-BE2D-629B0883A514}.Debug|x64.Build.0 = Debug|Any CPU
		{D2AD634B-768D-4A4E-BE2D-629B0883A514}.Debug|x86.ActiveCfg = Debug|Any CPU
		{D2AD634B-768D-4A4E-BE2D-629B0883A514}.Debug|x86.Build.0 = Debug|Any CPU
		{D2AD634B-768D-4A4E-BE2D-629B0883A514}.Release|Any CPU.ActiveCfg = Release|Any CPU
		{D2AD634B-768D-4A4E-BE2D-629B0883A514}.Release|Any CPU.Build.0 = Release|Any CPU
		{D2AD634B-768D-4A4E-BE2D-629B0883A514}.Release|x64.ActiveCfg = Release|Any CPU
		{D2AD634B-768D-4A4E-BE2D-629B0883A514}.Release|x64.Build.0 = Release|Any CPU
		{D2AD634B-768D-4A4E-BE2D-629B0883A514}.Release|x86.ActiveCfg = Release|Any CPU
		{D2AD634B-768D-4A4E-BE2D-629B0883A514}.Release|x86.Build.0 = Release|Any CPU
		{595380C6-A0C8-4128-BD3C-227750D756CD}.Debug|Any CPU.ActiveCfg = Debug|Any CPU
		{595380C6-A0C8-4128-BD3C-227750D756CD}.Debug|Any CPU.Build.0 = Debug|Any CPU
		{595380C6-A0C8-4128-BD3C-227750D756CD}.Debug|x64.ActiveCfg = Debug|Any CPU
		{595380C6-A0C8-4128-BD3C-227750D756CD}.Debug|x64.Build.0 = Debug|Any CPU
		{595380C6-A0C8-4128-BD3C-227750D756CD}.Debug|x86.ActiveCfg = Debug|Any CPU
		{595380C6-A0C8-4128-BD3C-227750D756CD}.Debug|x86.Build.0 = Debug|Any CPU
		{595380C6-A0C8-4128-BD3C-227750D756CD}.Release|Any CPU.ActiveCfg = Release|Any CPU
		{595380C6-A0C8-4128-BD3C-227750D756CD}.Release|Any CPU.Build.0 = Release|Any CPU
		{595380C6-A0C8-4128-BD3C-227750D756CD}.Release|x64.ActiveCfg = Release|Any CPU
		{595380C6-A0C8-4128-BD3C-227750D756CD}.Release|x64.Build.0 = Release|Any CPU
		{595380C6-A0C8-4128-BD3C-227750D756CD}.Release|x86.ActiveCfg = Release|Any CPU
		{595380C6-A0C8-4128-BD3C-227750D756CD}.Release|x86.Build.0 = Release|Any CPU
		{5874D094-3BEB-484C-95F6-12F497C6917F}.Debug|Any CPU.ActiveCfg = Debug|Any CPU
		{5874D094-3BEB-484C-95F6-12F497C6917F}.Debug|Any CPU.Build.0 = Debug|Any CPU
		{5874D094-3BEB-484C-95F6-12F497C6917F}.Debug|x64.ActiveCfg = Debug|Any CPU
		{5874D094-3BEB-484C-95F6-12F497C6917F}.Debug|x64.Build.0 = Debug|Any CPU
		{5874D094-3BEB-484C-95F6-12F497C6917F}.Debug|x86.ActiveCfg = Debug|Any CPU
		{5874D094-3BEB-484C-95F6-12F497C6917F}.Debug|x86.Build.0 = Debug|Any CPU
		{5874D094-3BEB-484C-95F6-12F497C6917F}.Release|Any CPU.ActiveCfg = Release|Any CPU
		{5874D094-3BEB-484C-95F6-12F497C6917F}.Release|Any CPU.Build.0 = Release|Any CPU
		{5874D094-3BEB-484C-95F6-12F497C6917F}.Release|x64.ActiveCfg = Release|Any CPU
		{5874D094-3BEB-484C-95F6-12F497C6917F}.Release|x64.Build.0 = Release|Any CPU
		{5874D094-3BEB-484C-95F6-12F497C6917F}.Release|x86.ActiveCfg = Release|Any CPU
		{5874D094-3BEB-484C-95F6-12F497C6917F}.Release|x86.Build.0 = Release|Any CPU
		{C6E04E3C-C97B-41DD-8F1A-6E5A862B0B5B}.Debug|Any CPU.ActiveCfg = Debug|Any CPU
		{C6E04E3C-C97B-41DD-8F1A-6E5A862B0B5B}.Debug|Any CPU.Build.0 = Debug|Any CPU
		{C6E04E3C-C97B-41DD-8F1A-6E5A862B0B5B}.Debug|x64.ActiveCfg = Debug|Any CPU
		{C6E04E3C-C97B-41DD-8F1A-6E5A862B0B5B}.Debug|x64.Build.0 = Debug|Any CPU
		{C6E04E3C-C97B-41DD-8F1A-6E5A862B0B5B}.Debug|x86.ActiveCfg = Debug|Any CPU
		{C6E04E3C-C97B-41DD-8F1A-6E5A862B0B5B}.Debug|x86.Build.0 = Debug|Any CPU
		{C6E04E3C-C97B-41DD-8F1A-6E5A862B0B5B}.Release|Any CPU.ActiveCfg = Release|Any CPU
		{C6E04E3C-C97B-41DD-8F1A-6E5A862B0B5B}.Release|Any CPU.Build.0 = Release|Any CPU
		{C6E04E3C-C97B-41DD-8F1A-6E5A862B0B5B}.Release|x64.ActiveCfg = Release|Any CPU
		{C6E04E3C-C97B-41DD-8F1A-6E5A862B0B5B}.Release|x64.Build.0 = Release|Any CPU
		{C6E04E3C-C97B-41DD-8F1A-6E5A862B0B5B}.Release|x86.ActiveCfg = Release|Any CPU
		{C6E04E3C-C97B-41DD-8F1A-6E5A862B0B5B}.Release|x86.Build.0 = Release|Any CPU
		{EC57709E-991A-4F6D-99F3-C23A2E351B73}.Debug|Any CPU.ActiveCfg = Debug|Any CPU
		{EC57709E-991A-4F6D-99F3-C23A2E351B73}.Debug|Any CPU.Build.0 = Debug|Any CPU
		{EC57709E-991A-4F6D-99F3-C23A2E351B73}.Debug|x64.ActiveCfg = Debug|Any CPU
		{EC57709E-991A-4F6D-99F3-C23A2E351B73}.Debug|x64.Build.0 = Debug|Any CPU
		{EC57709E-991A-4F6D-99F3-C23A2E351B73}.Debug|x86.ActiveCfg = Debug|Any CPU
		{EC57709E-991A-4F6D-99F3-C23A2E351B73}.Debug|x86.Build.0 = Debug|Any CPU
		{EC57709E-991A-4F6D-99F3-C23A2E351B73}.Release|Any CPU.ActiveCfg = Release|Any CPU
		{EC57709E-991A-4F6D-99F3-C23A2E351B73}.Release|Any CPU.Build.0 = Release|Any CPU
		{EC57709E-991A-4F6D-99F3-C23A2E351B73}.Release|x64.ActiveCfg = Release|Any CPU
		{EC57709E-991A-4F6D-99F3-C23A2E351B73}.Release|x64.Build.0 = Release|Any CPU
		{EC57709E-991A-4F6D-99F3-C23A2E351B73}.Release|x86.ActiveCfg = Release|Any CPU
		{EC57709E-991A-4F6D-99F3-C23A2E351B73}.Release|x86.Build.0 = Release|Any CPU
	EndGlobalSection
	GlobalSection(NestedProjects) = preSolution
		{C28F1F49-3DDF-487F-9F73-A3652469FD0E} = {56D8EB11-1B13-4E44-8AD5-372F6DCA3409}
		{A17B323C-7488-4754-BB69-6A07EBD67672} = {56D8EB11-1B13-4E44-8AD5-372F6DCA3409}
		{2CD2E21E-5DA1-4D7A-A630-1FB7F96DF531} = {A17B323C-7488-4754-BB69-6A07EBD67672}
		{290F65D1-B01B-4F8A-AC97-4B12F34BA7E5} = {2CD2E21E-5DA1-4D7A-A630-1FB7F96DF531}
		{87F19E33-9B28-4E81-BFF3-1EBFBB325932} = {2CD2E21E-5DA1-4D7A-A630-1FB7F96DF531}
		{64067D74-EB89-462B-83EC-F733DB42E283} = {87F19E33-9B28-4E81-BFF3-1EBFBB325932}
		{C6F857C8-5F9A-411C-8355-5524CAAADF82} = {64067D74-EB89-462B-83EC-F733DB42E283}
		{E5849077-3A2D-4DF5-8A1D-121E2143051B} = {64067D74-EB89-462B-83EC-F733DB42E283}
		{5C14E54B-3032-4A11-AB27-B1CF2DEDAA12} = {64067D74-EB89-462B-83EC-F733DB42E283}
		{CBD9CDB0-504C-4F1A-B2E7-4A8E717C7098} = {87F19E33-9B28-4E81-BFF3-1EBFBB325932}
		{36238C3C-CE69-4BC5-A3DA-2760535032AD} = {CBD9CDB0-504C-4F1A-B2E7-4A8E717C7098}
		{D41E7C37-71C0-48AF-9056-B7154900255A} = {CBD9CDB0-504C-4F1A-B2E7-4A8E717C7098}
		{338510FB-53FC-4ECA-A02E-3E87C28F771F} = {A17B323C-7488-4754-BB69-6A07EBD67672}
		{1F19D547-006F-4FCC-B509-6CA26FABAAAB} = {338510FB-53FC-4ECA-A02E-3E87C28F771F}
		{AC40C038-E30F-4058-98A9-E22713EBED30} = {56D8EB11-1B13-4E44-8AD5-372F6DCA3409}
		{C26DC5E4-50B2-40EE-A48A-4766FCE03582} = {56D8EB11-1B13-4E44-8AD5-372F6DCA3409}
		{48E66E03-DB4D-407F-B60D-AF1C0D1E8A8A} = {C26DC5E4-50B2-40EE-A48A-4766FCE03582}
		{6B6D5314-7FB7-4215-9984-2127311AD354} = {48E66E03-DB4D-407F-B60D-AF1C0D1E8A8A}
		{538815E9-7AD9-4470-9247-F44FF43A4D5D} = {48E66E03-DB4D-407F-B60D-AF1C0D1E8A8A}
		{CD54D0A6-1DD0-41A8-8E85-5B714B22965F} = {48E66E03-DB4D-407F-B60D-AF1C0D1E8A8A}
		{D0A13C77-686F-494A-AAD4-B323C6411A85} = {48E66E03-DB4D-407F-B60D-AF1C0D1E8A8A}
		{378A3F4D-DD32-4D36-B4BD-43C5261927B8} = {C26DC5E4-50B2-40EE-A48A-4766FCE03582}
		{D2AD634B-768D-4A4E-BE2D-629B0883A514} = {378A3F4D-DD32-4D36-B4BD-43C5261927B8}
		{595380C6-A0C8-4128-BD3C-227750D756CD} = {378A3F4D-DD32-4D36-B4BD-43C5261927B8}
		{5874D094-3BEB-484C-95F6-12F497C6917F} = {378A3F4D-DD32-4D36-B4BD-43C5261927B8}
		{C6E04E3C-C97B-41DD-8F1A-6E5A862B0B5B} = {1FC59533-C0FE-4F24-9394-6050B0551B02}
		{EC57709E-991A-4F6D-99F3-C23A2E351B73} = {1FC59533-C0FE-4F24-9394-6050B0551B02}
	EndGlobalSection
EndGlobal
