
Microsoft Visual Studio Solution File, Format Version 12.00
# Visual Studio 15
VisualStudioVersion = 15.0.26124.0
MinimumVisualStudioVersion = 15.0.26124.0
Project("{2150E333-8FDC-42A3-9474-1A3956D46DE8}") = "src", "src", "{10913577-EC53-4676-856F-B31CAEAB980E}"
EndProject
Project("{FAE04EC0-301F-11D3-BF4B-00C04F79EFBC}") = "CEo", "src\Common\CEo.csproj", "{E0B4DF2D-CD90-4274-93AE-22B0569E8659}"
EndProject
Project("{2150E333-8FDC-42A3-9474-1A3956D46DE8}") = "Genshin", "Genshin", "{43FCC4F8-6F5E-430D-A222-62005B613597}"
EndProject
Project("{2150E333-8FDC-42A3-9474-1A3956D46DE8}") = "src", "src", "{98080A45-7A51-4285-A368-E3A70547AA5C}"
EndProject
Project("{FAE04EC0-301F-11D3-BF4B-00C04F79EFBC}") = "CEo.Genshin", "src\Genshin\src\Common\CEo.Genshin.csproj", "{5658BB4A-535E-453C-8DBF-081A955ACA32}"
EndProject
Project("{2150E333-8FDC-42A3-9474-1A3956D46DE8}") = "Drops", "Drops", "{B2709E25-B93A-423C-ADE9-31884940435B}"
EndProject
Project("{2150E333-8FDC-42A3-9474-1A3956D46DE8}") = "src", "src", "{1B4A0CE3-FAB0-4D93-AA35-B3D5A125ADA1}"
EndProject
Project("{FAE04EC0-301F-11D3-BF4B-00C04F79EFBC}") = "CEo.Genshin.Drops.Console", "src\Genshin\src\Drops\src\Console\CEo.Genshin.Drops.Console.csproj", "{85A54676-1A52-49BA-9944-0DAE2059A640}"
EndProject
Project("{FAE04EC0-301F-11D3-BF4B-00C04F79EFBC}") = "CEo.Genshin.Drops", "src\Genshin\src\Drops\src\Core\CEo.Genshin.Drops.csproj", "{39CBB6E8-B679-4987-97A2-94036FA56849}"
EndProject
Project("{FAE04EC0-301F-11D3-BF4B-00C04F79EFBC}") = "CEo.Genshin.Drops.Dataset", "src\Genshin\src\Drops\src\Dataset\CEo.Genshin.Drops.Dataset.csproj", "{9EBB4873-C837-49B8-9C24-C8C6A6D756CB}"
EndProject
Project("{2150E333-8FDC-42A3-9474-1A3956D46DE8}") = "test", "test", "{B551CF33-5C60-4DCC-8E1C-3F5A0CC1CB99}"
EndProject
Project("{FAE04EC0-301F-11D3-BF4B-00C04F79EFBC}") = "CEo.Genshin.Drops.Dataset.Tests", "src\Genshin\src\Drops\test\Dataset.Tests\CEo.Genshin.Drops.Dataset.Tests.csproj", "{BA1AAC60-7D90-4591-9294-7C3DD70C965A}"
EndProject
Project("{2150E333-8FDC-42A3-9474-1A3956D46DE8}") = "test", "test", "{4431537B-5C4F-4173-8A06-E203ACB00D74}"
EndProject
Project("{FAE04EC0-301F-11D3-BF4B-00C04F79EFBC}") = "CEo.Genshin.Tests", "src\Genshin\test\Common.Tests\CEo.Genshin.Tests.csproj", "{EFF95539-059C-4DA9-BB8C-E6AA6630FA94}"
EndProject
Project("{FAE04EC0-301F-11D3-BF4B-00C04F79EFBC}") = "CEo.IO", "src\IO\CEo.IO.csproj", "{4CB96B99-C192-499F-A4DB-382CB98C56B4}"
EndProject
Project("{2150E333-8FDC-42A3-9474-1A3956D46DE8}") = "ML", "ML", "{817368CE-F2AE-483B-AE70-599A4ACD98EC}"
EndProject
Project("{2150E333-8FDC-42A3-9474-1A3956D46DE8}") = "src", "src", "{85F47D5C-FC4E-4CF2-BFCE-3C29B40E2E64}"
EndProject
Project("{FAE04EC0-301F-11D3-BF4B-00C04F79EFBC}") = "CEo.ML", "src\ML\src\Common\CEo.ML.csproj", "{77087EA0-ACEA-4607-9ED3-B44152A06C2F}"
EndProject
Project("{FAE04EC0-301F-11D3-BF4B-00C04F79EFBC}") = "CEo.ML.ObjectDetection.Yolo", "src\ML\src\ObjectDetection.Yolo\CEo.ML.ObjectDetection.Yolo.csproj", "{BA850CA3-5EFF-46EC-B443-56426AE85093}"
EndProject
Project("{FAE04EC0-301F-11D3-BF4B-00C04F79EFBC}") = "CEo.ML.ObjectDetection", "src\ML\src\ObjectDetection\CEo.ML.ObjectDetection.csproj", "{F7B90DCC-1A24-4848-9838-5BAB8EF54D24}"
EndProject
Project("{FAE04EC0-301F-11D3-BF4B-00C04F79EFBC}") = "CEo.ML.TextRecognition.Tesseract", "src\ML\src\TextRecognition.Tesseract\CEo.ML.TextRecognition.Tesseract.csproj", "{C6EAAE3A-B3FC-4A2E-85B6-94E04A3EA0BB}"
EndProject
Project("{2150E333-8FDC-42A3-9474-1A3956D46DE8}") = "test", "test", "{5D5B004E-B17F-4C4B-82EB-FA95C9E3AAD4}"
EndProject
Project("{FAE04EC0-301F-11D3-BF4B-00C04F79EFBC}") = "CEo.ML.Tests", "src\ML\test\Common.Tests\CEo.ML.Tests.csproj", "{6ED4C58A-8C36-4F2E-9966-A51959C24855}"
EndProject
Project("{FAE04EC0-301F-11D3-BF4B-00C04F79EFBC}") = "CEo.ML.ObjectDetection.Tests", "src\ML\test\ObjectDetection.Tests\CEo.ML.ObjectDetection.Tests.csproj", "{419D4B19-4E9D-4D57-B0AD-D641556C36F9}"
EndProject
Project("{FAE04EC0-301F-11D3-BF4B-00C04F79EFBC}") = "CEo.ML.ObjectDetection.Yolo.Tests", "src\ML\test\ObjectDetection.Yolo.Tests\CEo.ML.ObjectDetection.Yolo.Tests.csproj", "{C8B62D49-B7DB-412C-B250-391F690CC8AD}"
EndProject
Project("{2150E333-8FDC-42A3-9474-1A3956D46DE8}") = "test", "test", "{7C112255-E9A4-4180-85FA-26C9671D7A5A}"
EndProject
Project("{FAE04EC0-301F-11D3-BF4B-00C04F79EFBC}") = "CEo.Tests", "test\Common.Tests\CEo.Tests.csproj", "{0054B43B-7576-44B8-86B1-90475FC7FE26}"
EndProject
Project("{FAE04EC0-301F-11D3-BF4B-00C04F79EFBC}") = "CEo.IO.Tests", "test\IO.Tests\CEo.IO.Tests.csproj", "{FC22E640-AF7A-4AFA-8101-1EB8C1E1D492}"
EndProject
Global
	GlobalSection(SolutionConfigurationPlatforms) = preSolution
		Debug|Any CPU = Debug|Any CPU
		Debug|x64 = Debug|x64
		Debug|x86 = Debug|x86
		Release|Any CPU = Release|Any CPU
		Release|x64 = Release|x64
		Release|x86 = Release|x86
	EndGlobalSection
	GlobalSection(SolutionProperties) = preSolution
		HideSolutionNode = FALSE
	EndGlobalSection
	GlobalSection(ProjectConfigurationPlatforms) = postSolution
		{E0B4DF2D-CD90-4274-93AE-22B0569E8659}.Debug|Any CPU.ActiveCfg = Debug|Any CPU
		{E0B4DF2D-CD90-4274-93AE-22B0569E8659}.Debug|Any CPU.Build.0 = Debug|Any CPU
		{E0B4DF2D-CD90-4274-93AE-22B0569E8659}.Debug|x64.ActiveCfg = Debug|Any CPU
		{E0B4DF2D-CD90-4274-93AE-22B0569E8659}.Debug|x64.Build.0 = Debug|Any CPU
		{E0B4DF2D-CD90-4274-93AE-22B0569E8659}.Debug|x86.ActiveCfg = Debug|Any CPU
		{E0B4DF2D-CD90-4274-93AE-22B0569E8659}.Debug|x86.Build.0 = Debug|Any CPU
		{E0B4DF2D-CD90-4274-93AE-22B0569E8659}.Release|Any CPU.ActiveCfg = Release|Any CPU
		{E0B4DF2D-CD90-4274-93AE-22B0569E8659}.Release|Any CPU.Build.0 = Release|Any CPU
		{E0B4DF2D-CD90-4274-93AE-22B0569E8659}.Release|x64.ActiveCfg = Release|Any CPU
		{E0B4DF2D-CD90-4274-93AE-22B0569E8659}.Release|x64.Build.0 = Release|Any CPU
		{E0B4DF2D-CD90-4274-93AE-22B0569E8659}.Release|x86.ActiveCfg = Release|Any CPU
		{E0B4DF2D-CD90-4274-93AE-22B0569E8659}.Release|x86.Build.0 = Release|Any CPU
		{5658BB4A-535E-453C-8DBF-081A955ACA32}.Debug|Any CPU.ActiveCfg = Debug|Any CPU
		{5658BB4A-535E-453C-8DBF-081A955ACA32}.Debug|Any CPU.Build.0 = Debug|Any CPU
		{5658BB4A-535E-453C-8DBF-081A955ACA32}.Debug|x64.ActiveCfg = Debug|Any CPU
		{5658BB4A-535E-453C-8DBF-081A955ACA32}.Debug|x64.Build.0 = Debug|Any CPU
		{5658BB4A-535E-453C-8DBF-081A955ACA32}.Debug|x86.ActiveCfg = Debug|Any CPU
		{5658BB4A-535E-453C-8DBF-081A955ACA32}.Debug|x86.Build.0 = Debug|Any CPU
		{5658BB4A-535E-453C-8DBF-081A955ACA32}.Release|Any CPU.ActiveCfg = Release|Any CPU
		{5658BB4A-535E-453C-8DBF-081A955ACA32}.Release|Any CPU.Build.0 = Release|Any CPU
		{5658BB4A-535E-453C-8DBF-081A955ACA32}.Release|x64.ActiveCfg = Release|Any CPU
		{5658BB4A-535E-453C-8DBF-081A955ACA32}.Release|x64.Build.0 = Release|Any CPU
		{5658BB4A-535E-453C-8DBF-081A955ACA32}.Release|x86.ActiveCfg = Release|Any CPU
		{5658BB4A-535E-453C-8DBF-081A955ACA32}.Release|x86.Build.0 = Release|Any CPU
		{85A54676-1A52-49BA-9944-0DAE2059A640}.Debug|Any CPU.ActiveCfg = Debug|Any CPU
		{85A54676-1A52-49BA-9944-0DAE2059A640}.Debug|Any CPU.Build.0 = Debug|Any CPU
		{85A54676-1A52-49BA-9944-0DAE2059A640}.Debug|x64.ActiveCfg = Debug|Any CPU
		{85A54676-1A52-49BA-9944-0DAE2059A640}.Debug|x64.Build.0 = Debug|Any CPU
		{85A54676-1A52-49BA-9944-0DAE2059A640}.Debug|x86.ActiveCfg = Debug|Any CPU
		{85A54676-1A52-49BA-9944-0DAE2059A640}.Debug|x86.Build.0 = Debug|Any CPU
		{85A54676-1A52-49BA-9944-0DAE2059A640}.Release|Any CPU.ActiveCfg = Release|Any CPU
		{85A54676-1A52-49BA-9944-0DAE2059A640}.Release|Any CPU.Build.0 = Release|Any CPU
		{85A54676-1A52-49BA-9944-0DAE2059A640}.Release|x64.ActiveCfg = Release|Any CPU
		{85A54676-1A52-49BA-9944-0DAE2059A640}.Release|x64.Build.0 = Release|Any CPU
		{85A54676-1A52-49BA-9944-0DAE2059A640}.Release|x86.ActiveCfg = Release|Any CPU
		{85A54676-1A52-49BA-9944-0DAE2059A640}.Release|x86.Build.0 = Release|Any CPU
		{39CBB6E8-B679-4987-97A2-94036FA56849}.Debug|Any CPU.ActiveCfg = Debug|Any CPU
		{39CBB6E8-B679-4987-97A2-94036FA56849}.Debug|Any CPU.Build.0 = Debug|Any CPU
		{39CBB6E8-B679-4987-97A2-94036FA56849}.Debug|x64.ActiveCfg = Debug|Any CPU
		{39CBB6E8-B679-4987-97A2-94036FA56849}.Debug|x64.Build.0 = Debug|Any CPU
		{39CBB6E8-B679-4987-97A2-94036FA56849}.Debug|x86.ActiveCfg = Debug|Any CPU
		{39CBB6E8-B679-4987-97A2-94036FA56849}.Debug|x86.Build.0 = Debug|Any CPU
		{39CBB6E8-B679-4987-97A2-94036FA56849}.Release|Any CPU.ActiveCfg = Release|Any CPU
		{39CBB6E8-B679-4987-97A2-94036FA56849}.Release|Any CPU.Build.0 = Release|Any CPU
		{39CBB6E8-B679-4987-97A2-94036FA56849}.Release|x64.ActiveCfg = Release|Any CPU
		{39CBB6E8-B679-4987-97A2-94036FA56849}.Release|x64.Build.0 = Release|Any CPU
		{39CBB6E8-B679-4987-97A2-94036FA56849}.Release|x86.ActiveCfg = Release|Any CPU
		{39CBB6E8-B679-4987-97A2-94036FA56849}.Release|x86.Build.0 = Release|Any CPU
		{9EBB4873-C837-49B8-9C24-C8C6A6D756CB}.Debug|Any CPU.ActiveCfg = Debug|Any CPU
		{9EBB4873-C837-49B8-9C24-C8C6A6D756CB}.Debug|Any CPU.Build.0 = Debug|Any CPU
		{9EBB4873-C837-49B8-9C24-C8C6A6D756CB}.Debug|x64.ActiveCfg = Debug|Any CPU
		{9EBB4873-C837-49B8-9C24-C8C6A6D756CB}.Debug|x64.Build.0 = Debug|Any CPU
		{9EBB4873-C837-49B8-9C24-C8C6A6D756CB}.Debug|x86.ActiveCfg = Debug|Any CPU
		{9EBB4873-C837-49B8-9C24-C8C6A6D756CB}.Debug|x86.Build.0 = Debug|Any CPU
		{9EBB4873-C837-49B8-9C24-C8C6A6D756CB}.Release|Any CPU.ActiveCfg = Release|Any CPU
		{9EBB4873-C837-49B8-9C24-C8C6A6D756CB}.Release|Any CPU.Build.0 = Release|Any CPU
		{9EBB4873-C837-49B8-9C24-C8C6A6D756CB}.Release|x64.ActiveCfg = Release|Any CPU
		{9EBB4873-C837-49B8-9C24-C8C6A6D756CB}.Release|x64.Build.0 = Release|Any CPU
		{9EBB4873-C837-49B8-9C24-C8C6A6D756CB}.Release|x86.ActiveCfg = Release|Any CPU
		{9EBB4873-C837-49B8-9C24-C8C6A6D756CB}.Release|x86.Build.0 = Release|Any CPU
		{BA1AAC60-7D90-4591-9294-7C3DD70C965A}.Debug|Any CPU.ActiveCfg = Debug|Any CPU
		{BA1AAC60-7D90-4591-9294-7C3DD70C965A}.Debug|Any CPU.Build.0 = Debug|Any CPU
		{BA1AAC60-7D90-4591-9294-7C3DD70C965A}.Debug|x64.ActiveCfg = Debug|Any CPU
		{BA1AAC60-7D90-4591-9294-7C3DD70C965A}.Debug|x64.Build.0 = Debug|Any CPU
		{BA1AAC60-7D90-4591-9294-7C3DD70C965A}.Debug|x86.ActiveCfg = Debug|Any CPU
		{BA1AAC60-7D90-4591-9294-7C3DD70C965A}.Debug|x86.Build.0 = Debug|Any CPU
		{BA1AAC60-7D90-4591-9294-7C3DD70C965A}.Release|Any CPU.ActiveCfg = Release|Any CPU
		{BA1AAC60-7D90-4591-9294-7C3DD70C965A}.Release|Any CPU.Build.0 = Release|Any CPU
		{BA1AAC60-7D90-4591-9294-7C3DD70C965A}.Release|x64.ActiveCfg = Release|Any CPU
		{BA1AAC60-7D90-4591-9294-7C3DD70C965A}.Release|x64.Build.0 = Release|Any CPU
		{BA1AAC60-7D90-4591-9294-7C3DD70C965A}.Release|x86.ActiveCfg = Release|Any CPU
		{BA1AAC60-7D90-4591-9294-7C3DD70C965A}.Release|x86.Build.0 = Release|Any CPU
		{EFF95539-059C-4DA9-BB8C-E6AA6630FA94}.Debug|Any CPU.ActiveCfg = Debug|Any CPU
		{EFF95539-059C-4DA9-BB8C-E6AA6630FA94}.Debug|Any CPU.Build.0 = Debug|Any CPU
		{EFF95539-059C-4DA9-BB8C-E6AA6630FA94}.Debug|x64.ActiveCfg = Debug|Any CPU
		{EFF95539-059C-4DA9-BB8C-E6AA6630FA94}.Debug|x64.Build.0 = Debug|Any CPU
		{EFF95539-059C-4DA9-BB8C-E6AA6630FA94}.Debug|x86.ActiveCfg = Debug|Any CPU
		{EFF95539-059C-4DA9-BB8C-E6AA6630FA94}.Debug|x86.Build.0 = Debug|Any CPU
		{EFF95539-059C-4DA9-BB8C-E6AA6630FA94}.Release|Any CPU.ActiveCfg = Release|Any CPU
		{EFF95539-059C-4DA9-BB8C-E6AA6630FA94}.Release|Any CPU.Build.0 = Release|Any CPU
		{EFF95539-059C-4DA9-BB8C-E6AA6630FA94}.Release|x64.ActiveCfg = Release|Any CPU
		{EFF95539-059C-4DA9-BB8C-E6AA6630FA94}.Release|x64.Build.0 = Release|Any CPU
		{EFF95539-059C-4DA9-BB8C-E6AA6630FA94}.Release|x86.ActiveCfg = Release|Any CPU
		{EFF95539-059C-4DA9-BB8C-E6AA6630FA94}.Release|x86.Build.0 = Release|Any CPU
		{4CB96B99-C192-499F-A4DB-382CB98C56B4}.Debug|Any CPU.ActiveCfg = Debug|Any CPU
		{4CB96B99-C192-499F-A4DB-382CB98C56B4}.Debug|Any CPU.Build.0 = Debug|Any CPU
		{4CB96B99-C192-499F-A4DB-382CB98C56B4}.Debug|x64.ActiveCfg = Debug|Any CPU
		{4CB96B99-C192-499F-A4DB-382CB98C56B4}.Debug|x64.Build.0 = Debug|Any CPU
		{4CB96B99-C192-499F-A4DB-382CB98C56B4}.Debug|x86.ActiveCfg = Debug|Any CPU
		{4CB96B99-C192-499F-A4DB-382CB98C56B4}.Debug|x86.Build.0 = Debug|Any CPU
		{4CB96B99-C192-499F-A4DB-382CB98C56B4}.Release|Any CPU.ActiveCfg = Release|Any CPU
		{4CB96B99-C192-499F-A4DB-382CB98C56B4}.Release|Any CPU.Build.0 = Release|Any CPU
		{4CB96B99-C192-499F-A4DB-382CB98C56B4}.Release|x64.ActiveCfg = Release|Any CPU
		{4CB96B99-C192-499F-A4DB-382CB98C56B4}.Release|x64.Build.0 = Release|Any CPU
		{4CB96B99-C192-499F-A4DB-382CB98C56B4}.Release|x86.ActiveCfg = Release|Any CPU
		{4CB96B99-C192-499F-A4DB-382CB98C56B4}.Release|x86.Build.0 = Release|Any CPU
		{77087EA0-ACEA-4607-9ED3-B44152A06C2F}.Debug|Any CPU.ActiveCfg = Debug|Any CPU
		{77087EA0-ACEA-4607-9ED3-B44152A06C2F}.Debug|Any CPU.Build.0 = Debug|Any CPU
		{77087EA0-ACEA-4607-9ED3-B44152A06C2F}.Debug|x64.ActiveCfg = Debug|Any CPU
		{77087EA0-ACEA-4607-9ED3-B44152A06C2F}.Debug|x64.Build.0 = Debug|Any CPU
		{77087EA0-ACEA-4607-9ED3-B44152A06C2F}.Debug|x86.ActiveCfg = Debug|Any CPU
		{77087EA0-ACEA-4607-9ED3-B44152A06C2F}.Debug|x86.Build.0 = Debug|Any CPU
		{77087EA0-ACEA-4607-9ED3-B44152A06C2F}.Release|Any CPU.ActiveCfg = Release|Any CPU
		{77087EA0-ACEA-4607-9ED3-B44152A06C2F}.Release|Any CPU.Build.0 = Release|Any CPU
		{77087EA0-ACEA-4607-9ED3-B44152A06C2F}.Release|x64.ActiveCfg = Release|Any CPU
		{77087EA0-ACEA-4607-9ED3-B44152A06C2F}.Release|x64.Build.0 = Release|Any CPU
		{77087EA0-ACEA-4607-9ED3-B44152A06C2F}.Release|x86.ActiveCfg = Release|Any CPU
		{77087EA0-ACEA-4607-9ED3-B44152A06C2F}.Release|x86.Build.0 = Release|Any CPU
		{BA850CA3-5EFF-46EC-B443-56426AE85093}.Debug|Any CPU.ActiveCfg = Debug|Any CPU
		{BA850CA3-5EFF-46EC-B443-56426AE85093}.Debug|Any CPU.Build.0 = Debug|Any CPU
		{BA850CA3-5EFF-46EC-B443-56426AE85093}.Debug|x64.ActiveCfg = Debug|Any CPU
		{BA850CA3-5EFF-46EC-B443-56426AE85093}.Debug|x64.Build.0 = Debug|Any CPU
		{BA850CA3-5EFF-46EC-B443-56426AE85093}.Debug|x86.ActiveCfg = Debug|Any CPU
		{BA850CA3-5EFF-46EC-B443-56426AE85093}.Debug|x86.Build.0 = Debug|Any CPU
		{BA850CA3-5EFF-46EC-B443-56426AE85093}.Release|Any CPU.ActiveCfg = Release|Any CPU
		{BA850CA3-5EFF-46EC-B443-56426AE85093}.Release|Any CPU.Build.0 = Release|Any CPU
		{BA850CA3-5EFF-46EC-B443-56426AE85093}.Release|x64.ActiveCfg = Release|Any CPU
		{BA850CA3-5EFF-46EC-B443-56426AE85093}.Release|x64.Build.0 = Release|Any CPU
		{BA850CA3-5EFF-46EC-B443-56426AE85093}.Release|x86.ActiveCfg = Release|Any CPU
		{BA850CA3-5EFF-46EC-B443-56426AE85093}.Release|x86.Build.0 = Release|Any CPU
		{F7B90DCC-1A24-4848-9838-5BAB8EF54D24}.Debug|Any CPU.ActiveCfg = Debug|Any CPU
		{F7B90DCC-1A24-4848-9838-5BAB8EF54D24}.Debug|Any CPU.Build.0 = Debug|Any CPU
		{F7B90DCC-1A24-4848-9838-5BAB8EF54D24}.Debug|x64.ActiveCfg = Debug|Any CPU
		{F7B90DCC-1A24-4848-9838-5BAB8EF54D24}.Debug|x64.Build.0 = Debug|Any CPU
		{F7B90DCC-1A24-4848-9838-5BAB8EF54D24}.Debug|x86.ActiveCfg = Debug|Any CPU
		{F7B90DCC-1A24-4848-9838-5BAB8EF54D24}.Debug|x86.Build.0 = Debug|Any CPU
		{F7B90DCC-1A24-4848-9838-5BAB8EF54D24}.Release|Any CPU.ActiveCfg = Release|Any CPU
		{F7B90DCC-1A24-4848-9838-5BAB8EF54D24}.Release|Any CPU.Build.0 = Release|Any CPU
		{F7B90DCC-1A24-4848-9838-5BAB8EF54D24}.Release|x64.ActiveCfg = Release|Any CPU
		{F7B90DCC-1A24-4848-9838-5BAB8EF54D24}.Release|x64.Build.0 = Release|Any CPU
		{F7B90DCC-1A24-4848-9838-5BAB8EF54D24}.Release|x86.ActiveCfg = Release|Any CPU
		{F7B90DCC-1A24-4848-9838-5BAB8EF54D24}.Release|x86.Build.0 = Release|Any CPU
		{C6EAAE3A-B3FC-4A2E-85B6-94E04A3EA0BB}.Debug|Any CPU.ActiveCfg = Debug|Any CPU
		{C6EAAE3A-B3FC-4A2E-85B6-94E04A3EA0BB}.Debug|Any CPU.Build.0 = Debug|Any CPU
		{C6EAAE3A-B3FC-4A2E-85B6-94E04A3EA0BB}.Debug|x64.ActiveCfg = Debug|Any CPU
		{C6EAAE3A-B3FC-4A2E-85B6-94E04A3EA0BB}.Debug|x64.Build.0 = Debug|Any CPU
		{C6EAAE3A-B3FC-4A2E-85B6-94E04A3EA0BB}.Debug|x86.ActiveCfg = Debug|Any CPU
		{C6EAAE3A-B3FC-4A2E-85B6-94E04A3EA0BB}.Debug|x86.Build.0 = Debug|Any CPU
		{C6EAAE3A-B3FC-4A2E-85B6-94E04A3EA0BB}.Release|Any CPU.ActiveCfg = Release|Any CPU
		{C6EAAE3A-B3FC-4A2E-85B6-94E04A3EA0BB}.Release|Any CPU.Build.0 = Release|Any CPU
		{C6EAAE3A-B3FC-4A2E-85B6-94E04A3EA0BB}.Release|x64.ActiveCfg = Release|Any CPU
		{C6EAAE3A-B3FC-4A2E-85B6-94E04A3EA0BB}.Release|x64.Build.0 = Release|Any CPU
		{C6EAAE3A-B3FC-4A2E-85B6-94E04A3EA0BB}.Release|x86.ActiveCfg = Release|Any CPU
		{C6EAAE3A-B3FC-4A2E-85B6-94E04A3EA0BB}.Release|x86.Build.0 = Release|Any CPU
		{6ED4C58A-8C36-4F2E-9966-A51959C24855}.Debug|Any CPU.ActiveCfg = Debug|Any CPU
		{6ED4C58A-8C36-4F2E-9966-A51959C24855}.Debug|Any CPU.Build.0 = Debug|Any CPU
		{6ED4C58A-8C36-4F2E-9966-A51959C24855}.Debug|x64.ActiveCfg = Debug|Any CPU
		{6ED4C58A-8C36-4F2E-9966-A51959C24855}.Debug|x64.Build.0 = Debug|Any CPU
		{6ED4C58A-8C36-4F2E-9966-A51959C24855}.Debug|x86.ActiveCfg = Debug|Any CPU
		{6ED4C58A-8C36-4F2E-9966-A51959C24855}.Debug|x86.Build.0 = Debug|Any CPU
		{6ED4C58A-8C36-4F2E-9966-A51959C24855}.Release|Any CPU.ActiveCfg = Release|Any CPU
		{6ED4C58A-8C36-4F2E-9966-A51959C24855}.Release|Any CPU.Build.0 = Release|Any CPU
		{6ED4C58A-8C36-4F2E-9966-A51959C24855}.Release|x64.ActiveCfg = Release|Any CPU
		{6ED4C58A-8C36-4F2E-9966-A51959C24855}.Release|x64.Build.0 = Release|Any CPU
		{6ED4C58A-8C36-4F2E-9966-A51959C24855}.Release|x86.ActiveCfg = Release|Any CPU
		{6ED4C58A-8C36-4F2E-9966-A51959C24855}.Release|x86.Build.0 = Release|Any CPU
		{419D4B19-4E9D-4D57-B0AD-D641556C36F9}.Debug|Any CPU.ActiveCfg = Debug|Any CPU
		{419D4B19-4E9D-4D57-B0AD-D641556C36F9}.Debug|Any CPU.Build.0 = Debug|Any CPU
		{419D4B19-4E9D-4D57-B0AD-D641556C36F9}.Debug|x64.ActiveCfg = Debug|Any CPU
		{419D4B19-4E9D-4D57-B0AD-D641556C36F9}.Debug|x64.Build.0 = Debug|Any CPU
		{419D4B19-4E9D-4D57-B0AD-D641556C36F9}.Debug|x86.ActiveCfg = Debug|Any CPU
		{419D4B19-4E9D-4D57-B0AD-D641556C36F9}.Debug|x86.Build.0 = Debug|Any CPU
		{419D4B19-4E9D-4D57-B0AD-D641556C36F9}.Release|Any CPU.ActiveCfg = Release|Any CPU
		{419D4B19-4E9D-4D57-B0AD-D641556C36F9}.Release|Any CPU.Build.0 = Release|Any CPU
		{419D4B19-4E9D-4D57-B0AD-D641556C36F9}.Release|x64.ActiveCfg = Release|Any CPU
		{419D4B19-4E9D-4D57-B0AD-D641556C36F9}.Release|x64.Build.0 = Release|Any CPU
		{419D4B19-4E9D-4D57-B0AD-D641556C36F9}.Release|x86.ActiveCfg = Release|Any CPU
		{419D4B19-4E9D-4D57-B0AD-D641556C36F9}.Release|x86.Build.0 = Release|Any CPU
		{C8B62D49-B7DB-412C-B250-391F690CC8AD}.Debug|Any CPU.ActiveCfg = Debug|Any CPU
		{C8B62D49-B7DB-412C-B250-391F690CC8AD}.Debug|Any CPU.Build.0 = Debug|Any CPU
		{C8B62D49-B7DB-412C-B250-391F690CC8AD}.Debug|x64.ActiveCfg = Debug|Any CPU
		{C8B62D49-B7DB-412C-B250-391F690CC8AD}.Debug|x64.Build.0 = Debug|Any CPU
		{C8B62D49-B7DB-412C-B250-391F690CC8AD}.Debug|x86.ActiveCfg = Debug|Any CPU
		{C8B62D49-B7DB-412C-B250-391F690CC8AD}.Debug|x86.Build.0 = Debug|Any CPU
		{C8B62D49-B7DB-412C-B250-391F690CC8AD}.Release|Any CPU.ActiveCfg = Release|Any CPU
		{C8B62D49-B7DB-412C-B250-391F690CC8AD}.Release|Any CPU.Build.0 = Release|Any CPU
		{C8B62D49-B7DB-412C-B250-391F690CC8AD}.Release|x64.ActiveCfg = Release|Any CPU
		{C8B62D49-B7DB-412C-B250-391F690CC8AD}.Release|x64.Build.0 = Release|Any CPU
		{C8B62D49-B7DB-412C-B250-391F690CC8AD}.Release|x86.ActiveCfg = Release|Any CPU
		{C8B62D49-B7DB-412C-B250-391F690CC8AD}.Release|x86.Build.0 = Release|Any CPU
		{0054B43B-7576-44B8-86B1-90475FC7FE26}.Debug|Any CPU.ActiveCfg = Debug|Any CPU
		{0054B43B-7576-44B8-86B1-90475FC7FE26}.Debug|Any CPU.Build.0 = Debug|Any CPU
		{0054B43B-7576-44B8-86B1-90475FC7FE26}.Debug|x64.ActiveCfg = Debug|Any CPU
		{0054B43B-7576-44B8-86B1-90475FC7FE26}.Debug|x64.Build.0 = Debug|Any CPU
		{0054B43B-7576-44B8-86B1-90475FC7FE26}.Debug|x86.ActiveCfg = Debug|Any CPU
		{0054B43B-7576-44B8-86B1-90475FC7FE26}.Debug|x86.Build.0 = Debug|Any CPU
		{0054B43B-7576-44B8-86B1-90475FC7FE26}.Release|Any CPU.ActiveCfg = Release|Any CPU
		{0054B43B-7576-44B8-86B1-90475FC7FE26}.Release|Any CPU.Build.0 = Release|Any CPU
		{0054B43B-7576-44B8-86B1-90475FC7FE26}.Release|x64.ActiveCfg = Release|Any CPU
		{0054B43B-7576-44B8-86B1-90475FC7FE26}.Release|x64.Build.0 = Release|Any CPU
		{0054B43B-7576-44B8-86B1-90475FC7FE26}.Release|x86.ActiveCfg = Release|Any CPU
		{0054B43B-7576-44B8-86B1-90475FC7FE26}.Release|x86.Build.0 = Release|Any CPU
		{FC22E640-AF7A-4AFA-8101-1EB8C1E1D492}.Debug|Any CPU.ActiveCfg = Debug|Any CPU
		{FC22E640-AF7A-4AFA-8101-1EB8C1E1D492}.Debug|Any CPU.Build.0 = Debug|Any CPU
		{FC22E640-AF7A-4AFA-8101-1EB8C1E1D492}.Debug|x64.ActiveCfg = Debug|Any CPU
		{FC22E640-AF7A-4AFA-8101-1EB8C1E1D492}.Debug|x64.Build.0 = Debug|Any CPU
		{FC22E640-AF7A-4AFA-8101-1EB8C1E1D492}.Debug|x86.ActiveCfg = Debug|Any CPU
		{FC22E640-AF7A-4AFA-8101-1EB8C1E1D492}.Debug|x86.Build.0 = Debug|Any CPU
		{FC22E640-AF7A-4AFA-8101-1EB8C1E1D492}.Release|Any CPU.ActiveCfg = Release|Any CPU
		{FC22E640-AF7A-4AFA-8101-1EB8C1E1D492}.Release|Any CPU.Build.0 = Release|Any CPU
		{FC22E640-AF7A-4AFA-8101-1EB8C1E1D492}.Release|x64.ActiveCfg = Release|Any CPU
		{FC22E640-AF7A-4AFA-8101-1EB8C1E1D492}.Release|x64.Build.0 = Release|Any CPU
		{FC22E640-AF7A-4AFA-8101-1EB8C1E1D492}.Release|x86.ActiveCfg = Release|Any CPU
		{FC22E640-AF7A-4AFA-8101-1EB8C1E1D492}.Release|x86.Build.0 = Release|Any CPU
	EndGlobalSection
	GlobalSection(NestedProjects) = preSolution
		{E0B4DF2D-CD90-4274-93AE-22B0569E8659} = {10913577-EC53-4676-856F-B31CAEAB980E}
		{43FCC4F8-6F5E-430D-A222-62005B613597} = {10913577-EC53-4676-856F-B31CAEAB980E}
		{98080A45-7A51-4285-A368-E3A70547AA5C} = {43FCC4F8-6F5E-430D-A222-62005B613597}
		{5658BB4A-535E-453C-8DBF-081A955ACA32} = {98080A45-7A51-4285-A368-E3A70547AA5C}
		{B2709E25-B93A-423C-ADE9-31884940435B} = {98080A45-7A51-4285-A368-E3A70547AA5C}
		{1B4A0CE3-FAB0-4D93-AA35-B3D5A125ADA1} = {B2709E25-B93A-423C-ADE9-31884940435B}
		{85A54676-1A52-49BA-9944-0DAE2059A640} = {1B4A0CE3-FAB0-4D93-AA35-B3D5A125ADA1}
		{39CBB6E8-B679-4987-97A2-94036FA56849} = {1B4A0CE3-FAB0-4D93-AA35-B3D5A125ADA1}
		{9EBB4873-C837-49B8-9C24-C8C6A6D756CB} = {1B4A0CE3-FAB0-4D93-AA35-B3D5A125ADA1}
		{B551CF33-5C60-4DCC-8E1C-3F5A0CC1CB99} = {B2709E25-B93A-423C-ADE9-31884940435B}
		{BA1AAC60-7D90-4591-9294-7C3DD70C965A} = {B551CF33-5C60-4DCC-8E1C-3F5A0CC1CB99}
		{4431537B-5C4F-4173-8A06-E203ACB00D74} = {43FCC4F8-6F5E-430D-A222-62005B613597}
		{EFF95539-059C-4DA9-BB8C-E6AA6630FA94} = {4431537B-5C4F-4173-8A06-E203ACB00D74}
		{4CB96B99-C192-499F-A4DB-382CB98C56B4} = {10913577-EC53-4676-856F-B31CAEAB980E}
		{817368CE-F2AE-483B-AE70-599A4ACD98EC} = {10913577-EC53-4676-856F-B31CAEAB980E}
		{85F47D5C-FC4E-4CF2-BFCE-3C29B40E2E64} = {817368CE-F2AE-483B-AE70-599A4ACD98EC}
		{77087EA0-ACEA-4607-9ED3-B44152A06C2F} = {85F47D5C-FC4E-4CF2-BFCE-3C29B40E2E64}
		{BA850CA3-5EFF-46EC-B443-56426AE85093} = {85F47D5C-FC4E-4CF2-BFCE-3C29B40E2E64}
		{F7B90DCC-1A24-4848-9838-5BAB8EF54D24} = {85F47D5C-FC4E-4CF2-BFCE-3C29B40E2E64}
		{C6EAAE3A-B3FC-4A2E-85B6-94E04A3EA0BB} = {85F47D5C-FC4E-4CF2-BFCE-3C29B40E2E64}
		{5D5B004E-B17F-4C4B-82EB-FA95C9E3AAD4} = {817368CE-F2AE-483B-AE70-599A4ACD98EC}
		{6ED4C58A-8C36-4F2E-9966-A51959C24855} = {5D5B004E-B17F-4C4B-82EB-FA95C9E3AAD4}
		{419D4B19-4E9D-4D57-B0AD-D641556C36F9} = {5D5B004E-B17F-4C4B-82EB-FA95C9E3AAD4}
		{C8B62D49-B7DB-412C-B250-391F690CC8AD} = {5D5B004E-B17F-4C4B-82EB-FA95C9E3AAD4}
		{0054B43B-7576-44B8-86B1-90475FC7FE26} = {7C112255-E9A4-4180-85FA-26C9671D7A5A}
		{FC22E640-AF7A-4AFA-8101-1EB8C1E1D492} = {7C112255-E9A4-4180-85FA-26C9671D7A5A}
	EndGlobalSection
EndGlobal
