
Microsoft Visual Studio Solution File, Format Version 12.00
# Visual Studio 15
VisualStudioVersion = 15.0.26124.0
MinimumVisualStudioVersion = 15.0.26124.0
Project("{2150E333-8FDC-42A3-9474-1A3956D46DE8}") = "src", "src", "{4EFA4FA8-C21B-420A-B2BA-F7CD95F872E6}"
EndProject
Project("{FAE04EC0-301F-11D3-BF4B-00C04F79EFBC}") = "CEo", "src\Common\CEo.csproj", "{AA0DBD65-3D49-470E-A230-B297FF575727}"
EndProject
Project("{2150E333-8FDC-42A3-9474-1A3956D46DE8}") = "Genshin", "Genshin", "{85835A14-7341-4152-A4A0-894F8208F9A3}"
EndProject
Project("{2150E333-8FDC-42A3-9474-1A3956D46DE8}") = "src", "src", "{6A4DB4C2-2ED8-441D-9167-3C85D65857E4}"
EndProject
Project("{FAE04EC0-301F-11D3-BF4B-00C04F79EFBC}") = "CEo.Genshin", "src\Genshin\src\Common\CEo.Genshin.csproj", "{D26C8CAE-D200-4EC9-870F-CBAB7A2E5F0C}"
EndProject
Project("{2150E333-8FDC-42A3-9474-1A3956D46DE8}") = "Drops", "Drops", "{734FEB76-43BC-4D29-A6DC-EA751AB644C9}"
EndProject
Project("{2150E333-8FDC-42A3-9474-1A3956D46DE8}") = "src", "src", "{EF642FC5-7815-415F-8C51-A8589C0600CB}"
EndProject
Project("{FAE04EC0-301F-11D3-BF4B-00C04F79EFBC}") = "CEo.Genshin.Drops.Console", "src\Genshin\src\Drops\src\Console\CEo.Genshin.Drops.Console.csproj", "{535D497B-F217-4333-8629-87F95C7D49B3}"
EndProject
Project("{FAE04EC0-301F-11D3-BF4B-00C04F79EFBC}") = "CEo.Genshin.Drops", "src\Genshin\src\Drops\src\Core\CEo.Genshin.Drops.csproj", "{6FF833EC-663C-43CE-9511-79423C416D67}"
EndProject
Project("{FAE04EC0-301F-11D3-BF4B-00C04F79EFBC}") = "CEo.Genshin.Drops.Dataset", "src\Genshin\src\Drops\src\Dataset\CEo.Genshin.Drops.Dataset.csproj", "{B6BAFFA8-4834-40CC-97DB-837F3F7FE01A}"
EndProject
Project("{2150E333-8FDC-42A3-9474-1A3956D46DE8}") = "test", "test", "{3A1CAA86-E37E-4CD6-95C3-0E77D896D86B}"
EndProject
Project("{FAE04EC0-301F-11D3-BF4B-00C04F79EFBC}") = "CEo.Genshin.Tests", "src\Genshin\test\Common.Tests\CEo.Genshin.Tests.csproj", "{478FE093-E9D1-42AF-B947-8D80F91564A6}"
EndProject
Project("{FAE04EC0-301F-11D3-BF4B-00C04F79EFBC}") = "CEo.IO", "src\IO\CEo.IO.csproj", "{DD09B0DA-A5EB-4F86-A583-EBE89B6F0394}"
EndProject
Project("{2150E333-8FDC-42A3-9474-1A3956D46DE8}") = "ML", "ML", "{B37E77CA-BD33-4AC8-8344-BEBA134550C6}"
EndProject
Project("{2150E333-8FDC-42A3-9474-1A3956D46DE8}") = "src", "src", "{C89AADE8-22D8-472D-BED8-25611B2ACD77}"
EndProject
Project("{FAE04EC0-301F-11D3-BF4B-00C04F79EFBC}") = "CEo.ML", "src\ML\src\Common\CEo.ML.csproj", "{854AFFAC-C325-484E-A2A0-0414BA9F5861}"
EndProject
Project("{FAE04EC0-301F-11D3-BF4B-00C04F79EFBC}") = "CEo.ML.ObjectDetection.Yolo", "src\ML\src\ObjectDetection.Yolo\CEo.ML.ObjectDetection.Yolo.csproj", "{86FA48FE-3DAC-48CC-B661-1FBD307E95DC}"
EndProject
Project("{FAE04EC0-301F-11D3-BF4B-00C04F79EFBC}") = "CEo.ML.ObjectDetection", "src\ML\src\ObjectDetection\CEo.ML.ObjectDetection.csproj", "{885B024C-8BAD-45B1-8D67-BB39C277C47A}"
EndProject
Project("{FAE04EC0-301F-11D3-BF4B-00C04F79EFBC}") = "CEo.ML.TextRecognition.Tesseract", "src\ML\src\TextRecognition.Tesseract\CEo.ML.TextRecognition.Tesseract.csproj", "{3FA12CAD-FB42-4F8B-A603-736985F309D8}"
EndProject
Project("{2150E333-8FDC-42A3-9474-1A3956D46DE8}") = "test", "test", "{C15DF92E-02E4-4CE8-B9C7-9D4B939F69AD}"
EndProject
Project("{FAE04EC0-301F-11D3-BF4B-00C04F79EFBC}") = "CEo.ML.ObjectDetection.Tests", "src\ML\test\ObjectDetection.Tests\CEo.ML.ObjectDetection.Tests.csproj", "{CBB4DAB6-77D1-4365-949F-D60A6ABA0658}"
EndProject
Project("{2150E333-8FDC-42A3-9474-1A3956D46DE8}") = "test", "test", "{B2D09F80-39FB-4010-835F-9B4EDDB2FA76}"
EndProject
Project("{FAE04EC0-301F-11D3-BF4B-00C04F79EFBC}") = "CEo.Tests", "test\Common.Tests\CEo.Tests.csproj", "{AE9A37D5-5ED8-4760-9327-C93C39D9B51C}"
EndProject
Project("{FAE04EC0-301F-11D3-BF4B-00C04F79EFBC}") = "CEo.IO.Tests", "test\IO.Tests\CEo.IO.Tests.csproj", "{E18DE1A8-0363-487B-B79C-568437DF0C84}"
EndProject
Global
	GlobalSection(SolutionConfigurationPlatforms) = preSolution
		Debug|Any CPU = Debug|Any CPU
		Debug|x64 = Debug|x64
		Debug|x86 = Debug|x86
		Release|Any CPU = Release|Any CPU
		Release|x64 = Release|x64
		Release|x86 = Release|x86
	EndGlobalSection
	GlobalSection(SolutionProperties) = preSolution
		HideSolutionNode = FALSE
	EndGlobalSection
	GlobalSection(ProjectConfigurationPlatforms) = postSolution
		{AA0DBD65-3D49-470E-A230-B297FF575727}.Debug|Any CPU.ActiveCfg = Debug|Any CPU
		{AA0DBD65-3D49-470E-A230-B297FF575727}.Debug|Any CPU.Build.0 = Debug|Any CPU
		{AA0DBD65-3D49-470E-A230-B297FF575727}.Debug|x64.ActiveCfg = Debug|Any CPU
		{AA0DBD65-3D49-470E-A230-B297FF575727}.Debug|x64.Build.0 = Debug|Any CPU
		{AA0DBD65-3D49-470E-A230-B297FF575727}.Debug|x86.ActiveCfg = Debug|Any CPU
		{AA0DBD65-3D49-470E-A230-B297FF575727}.Debug|x86.Build.0 = Debug|Any CPU
		{AA0DBD65-3D49-470E-A230-B297FF575727}.Release|Any CPU.ActiveCfg = Release|Any CPU
		{AA0DBD65-3D49-470E-A230-B297FF575727}.Release|Any CPU.Build.0 = Release|Any CPU
		{AA0DBD65-3D49-470E-A230-B297FF575727}.Release|x64.ActiveCfg = Release|Any CPU
		{AA0DBD65-3D49-470E-A230-B297FF575727}.Release|x64.Build.0 = Release|Any CPU
		{AA0DBD65-3D49-470E-A230-B297FF575727}.Release|x86.ActiveCfg = Release|Any CPU
		{AA0DBD65-3D49-470E-A230-B297FF575727}.Release|x86.Build.0 = Release|Any CPU
		{D26C8CAE-D200-4EC9-870F-CBAB7A2E5F0C}.Debug|Any CPU.ActiveCfg = Debug|Any CPU
		{D26C8CAE-D200-4EC9-870F-CBAB7A2E5F0C}.Debug|Any CPU.Build.0 = Debug|Any CPU
		{D26C8CAE-D200-4EC9-870F-CBAB7A2E5F0C}.Debug|x64.ActiveCfg = Debug|Any CPU
		{D26C8CAE-D200-4EC9-870F-CBAB7A2E5F0C}.Debug|x64.Build.0 = Debug|Any CPU
		{D26C8CAE-D200-4EC9-870F-CBAB7A2E5F0C}.Debug|x86.ActiveCfg = Debug|Any CPU
		{D26C8CAE-D200-4EC9-870F-CBAB7A2E5F0C}.Debug|x86.Build.0 = Debug|Any CPU
		{D26C8CAE-D200-4EC9-870F-CBAB7A2E5F0C}.Release|Any CPU.ActiveCfg = Release|Any CPU
		{D26C8CAE-D200-4EC9-870F-CBAB7A2E5F0C}.Release|Any CPU.Build.0 = Release|Any CPU
		{D26C8CAE-D200-4EC9-870F-CBAB7A2E5F0C}.Release|x64.ActiveCfg = Release|Any CPU
		{D26C8CAE-D200-4EC9-870F-CBAB7A2E5F0C}.Release|x64.Build.0 = Release|Any CPU
		{D26C8CAE-D200-4EC9-870F-CBAB7A2E5F0C}.Release|x86.ActiveCfg = Release|Any CPU
		{D26C8CAE-D200-4EC9-870F-CBAB7A2E5F0C}.Release|x86.Build.0 = Release|Any CPU
		{535D497B-F217-4333-8629-87F95C7D49B3}.Debug|Any CPU.ActiveCfg = Debug|Any CPU
		{535D497B-F217-4333-8629-87F95C7D49B3}.Debug|Any CPU.Build.0 = Debug|Any CPU
		{535D497B-F217-4333-8629-87F95C7D49B3}.Debug|x64.ActiveCfg = Debug|Any CPU
		{535D497B-F217-4333-8629-87F95C7D49B3}.Debug|x64.Build.0 = Debug|Any CPU
		{535D497B-F217-4333-8629-87F95C7D49B3}.Debug|x86.ActiveCfg = Debug|Any CPU
		{535D497B-F217-4333-8629-87F95C7D49B3}.Debug|x86.Build.0 = Debug|Any CPU
		{535D497B-F217-4333-8629-87F95C7D49B3}.Release|Any CPU.ActiveCfg = Release|Any CPU
		{535D497B-F217-4333-8629-87F95C7D49B3}.Release|Any CPU.Build.0 = Release|Any CPU
		{535D497B-F217-4333-8629-87F95C7D49B3}.Release|x64.ActiveCfg = Release|Any CPU
		{535D497B-F217-4333-8629-87F95C7D49B3}.Release|x64.Build.0 = Release|Any CPU
		{535D497B-F217-4333-8629-87F95C7D49B3}.Release|x86.ActiveCfg = Release|Any CPU
		{535D497B-F217-4333-8629-87F95C7D49B3}.Release|x86.Build.0 = Release|Any CPU
		{6FF833EC-663C-43CE-9511-79423C416D67}.Debug|Any CPU.ActiveCfg = Debug|Any CPU
		{6FF833EC-663C-43CE-9511-79423C416D67}.Debug|Any CPU.Build.0 = Debug|Any CPU
		{6FF833EC-663C-43CE-9511-79423C416D67}.Debug|x64.ActiveCfg = Debug|Any CPU
		{6FF833EC-663C-43CE-9511-79423C416D67}.Debug|x64.Build.0 = Debug|Any CPU
		{6FF833EC-663C-43CE-9511-79423C416D67}.Debug|x86.ActiveCfg = Debug|Any CPU
		{6FF833EC-663C-43CE-9511-79423C416D67}.Debug|x86.Build.0 = Debug|Any CPU
		{6FF833EC-663C-43CE-9511-79423C416D67}.Release|Any CPU.ActiveCfg = Release|Any CPU
		{6FF833EC-663C-43CE-9511-79423C416D67}.Release|Any CPU.Build.0 = Release|Any CPU
		{6FF833EC-663C-43CE-9511-79423C416D67}.Release|x64.ActiveCfg = Release|Any CPU
		{6FF833EC-663C-43CE-9511-79423C416D67}.Release|x64.Build.0 = Release|Any CPU
		{6FF833EC-663C-43CE-9511-79423C416D67}.Release|x86.ActiveCfg = Release|Any CPU
		{6FF833EC-663C-43CE-9511-79423C416D67}.Release|x86.Build.0 = Release|Any CPU
		{B6BAFFA8-4834-40CC-97DB-837F3F7FE01A}.Debug|Any CPU.ActiveCfg = Debug|Any CPU
		{B6BAFFA8-4834-40CC-97DB-837F3F7FE01A}.Debug|Any CPU.Build.0 = Debug|Any CPU
		{B6BAFFA8-4834-40CC-97DB-837F3F7FE01A}.Debug|x64.ActiveCfg = Debug|Any CPU
		{B6BAFFA8-4834-40CC-97DB-837F3F7FE01A}.Debug|x64.Build.0 = Debug|Any CPU
		{B6BAFFA8-4834-40CC-97DB-837F3F7FE01A}.Debug|x86.ActiveCfg = Debug|Any CPU
		{B6BAFFA8-4834-40CC-97DB-837F3F7FE01A}.Debug|x86.Build.0 = Debug|Any CPU
		{B6BAFFA8-4834-40CC-97DB-837F3F7FE01A}.Release|Any CPU.ActiveCfg = Release|Any CPU
		{B6BAFFA8-4834-40CC-97DB-837F3F7FE01A}.Release|Any CPU.Build.0 = Release|Any CPU
		{B6BAFFA8-4834-40CC-97DB-837F3F7FE01A}.Release|x64.ActiveCfg = Release|Any CPU
		{B6BAFFA8-4834-40CC-97DB-837F3F7FE01A}.Release|x64.Build.0 = Release|Any CPU
		{B6BAFFA8-4834-40CC-97DB-837F3F7FE01A}.Release|x86.ActiveCfg = Release|Any CPU
		{B6BAFFA8-4834-40CC-97DB-837F3F7FE01A}.Release|x86.Build.0 = Release|Any CPU
		{478FE093-E9D1-42AF-B947-8D80F91564A6}.Debug|Any CPU.ActiveCfg = Debug|Any CPU
		{478FE093-E9D1-42AF-B947-8D80F91564A6}.Debug|Any CPU.Build.0 = Debug|Any CPU
		{478FE093-E9D1-42AF-B947-8D80F91564A6}.Debug|x64.ActiveCfg = Debug|Any CPU
		{478FE093-E9D1-42AF-B947-8D80F91564A6}.Debug|x64.Build.0 = Debug|Any CPU
		{478FE093-E9D1-42AF-B947-8D80F91564A6}.Debug|x86.ActiveCfg = Debug|Any CPU
		{478FE093-E9D1-42AF-B947-8D80F91564A6}.Debug|x86.Build.0 = Debug|Any CPU
		{478FE093-E9D1-42AF-B947-8D80F91564A6}.Release|Any CPU.ActiveCfg = Release|Any CPU
		{478FE093-E9D1-42AF-B947-8D80F91564A6}.Release|Any CPU.Build.0 = Release|Any CPU
		{478FE093-E9D1-42AF-B947-8D80F91564A6}.Release|x64.ActiveCfg = Release|Any CPU
		{478FE093-E9D1-42AF-B947-8D80F91564A6}.Release|x64.Build.0 = Release|Any CPU
		{478FE093-E9D1-42AF-B947-8D80F91564A6}.Release|x86.ActiveCfg = Release|Any CPU
		{478FE093-E9D1-42AF-B947-8D80F91564A6}.Release|x86.Build.0 = Release|Any CPU
		{DD09B0DA-A5EB-4F86-A583-EBE89B6F0394}.Debug|Any CPU.ActiveCfg = Debug|Any CPU
		{DD09B0DA-A5EB-4F86-A583-EBE89B6F0394}.Debug|Any CPU.Build.0 = Debug|Any CPU
		{DD09B0DA-A5EB-4F86-A583-EBE89B6F0394}.Debug|x64.ActiveCfg = Debug|Any CPU
		{DD09B0DA-A5EB-4F86-A583-EBE89B6F0394}.Debug|x64.Build.0 = Debug|Any CPU
		{DD09B0DA-A5EB-4F86-A583-EBE89B6F0394}.Debug|x86.ActiveCfg = Debug|Any CPU
		{DD09B0DA-A5EB-4F86-A583-EBE89B6F0394}.Debug|x86.Build.0 = Debug|Any CPU
		{DD09B0DA-A5EB-4F86-A583-EBE89B6F0394}.Release|Any CPU.ActiveCfg = Release|Any CPU
		{DD09B0DA-A5EB-4F86-A583-EBE89B6F0394}.Release|Any CPU.Build.0 = Release|Any CPU
		{DD09B0DA-A5EB-4F86-A583-EBE89B6F0394}.Release|x64.ActiveCfg = Release|Any CPU
		{DD09B0DA-A5EB-4F86-A583-EBE89B6F0394}.Release|x64.Build.0 = Release|Any CPU
		{DD09B0DA-A5EB-4F86-A583-EBE89B6F0394}.Release|x86.ActiveCfg = Release|Any CPU
		{DD09B0DA-A5EB-4F86-A583-EBE89B6F0394}.Release|x86.Build.0 = Release|Any CPU
		{854AFFAC-C325-484E-A2A0-0414BA9F5861}.Debug|Any CPU.ActiveCfg = Debug|Any CPU
		{854AFFAC-C325-484E-A2A0-0414BA9F5861}.Debug|Any CPU.Build.0 = Debug|Any CPU
		{854AFFAC-C325-484E-A2A0-0414BA9F5861}.Debug|x64.ActiveCfg = Debug|Any CPU
		{854AFFAC-C325-484E-A2A0-0414BA9F5861}.Debug|x64.Build.0 = Debug|Any CPU
		{854AFFAC-C325-484E-A2A0-0414BA9F5861}.Debug|x86.ActiveCfg = Debug|Any CPU
		{854AFFAC-C325-484E-A2A0-0414BA9F5861}.Debug|x86.Build.0 = Debug|Any CPU
		{854AFFAC-C325-484E-A2A0-0414BA9F5861}.Release|Any CPU.ActiveCfg = Release|Any CPU
		{854AFFAC-C325-484E-A2A0-0414BA9F5861}.Release|Any CPU.Build.0 = Release|Any CPU
		{854AFFAC-C325-484E-A2A0-0414BA9F5861}.Release|x64.ActiveCfg = Release|Any CPU
		{854AFFAC-C325-484E-A2A0-0414BA9F5861}.Release|x64.Build.0 = Release|Any CPU
		{854AFFAC-C325-484E-A2A0-0414BA9F5861}.Release|x86.ActiveCfg = Release|Any CPU
		{854AFFAC-C325-484E-A2A0-0414BA9F5861}.Release|x86.Build.0 = Release|Any CPU
		{86FA48FE-3DAC-48CC-B661-1FBD307E95DC}.Debug|Any CPU.ActiveCfg = Debug|Any CPU
		{86FA48FE-3DAC-48CC-B661-1FBD307E95DC}.Debug|Any CPU.Build.0 = Debug|Any CPU
		{86FA48FE-3DAC-48CC-B661-1FBD307E95DC}.Debug|x64.ActiveCfg = Debug|Any CPU
		{86FA48FE-3DAC-48CC-B661-1FBD307E95DC}.Debug|x64.Build.0 = Debug|Any CPU
		{86FA48FE-3DAC-48CC-B661-1FBD307E95DC}.Debug|x86.ActiveCfg = Debug|Any CPU
		{86FA48FE-3DAC-48CC-B661-1FBD307E95DC}.Debug|x86.Build.0 = Debug|Any CPU
		{86FA48FE-3DAC-48CC-B661-1FBD307E95DC}.Release|Any CPU.ActiveCfg = Release|Any CPU
		{86FA48FE-3DAC-48CC-B661-1FBD307E95DC}.Release|Any CPU.Build.0 = Release|Any CPU
		{86FA48FE-3DAC-48CC-B661-1FBD307E95DC}.Release|x64.ActiveCfg = Release|Any CPU
		{86FA48FE-3DAC-48CC-B661-1FBD307E95DC}.Release|x64.Build.0 = Release|Any CPU
		{86FA48FE-3DAC-48CC-B661-1FBD307E95DC}.Release|x86.ActiveCfg = Release|Any CPU
		{86FA48FE-3DAC-48CC-B661-1FBD307E95DC}.Release|x86.Build.0 = Release|Any CPU
		{885B024C-8BAD-45B1-8D67-BB39C277C47A}.Debug|Any CPU.ActiveCfg = Debug|Any CPU
		{885B024C-8BAD-45B1-8D67-BB39C277C47A}.Debug|Any CPU.Build.0 = Debug|Any CPU
		{885B024C-8BAD-45B1-8D67-BB39C277C47A}.Debug|x64.ActiveCfg = Debug|Any CPU
		{885B024C-8BAD-45B1-8D67-BB39C277C47A}.Debug|x64.Build.0 = Debug|Any CPU
		{885B024C-8BAD-45B1-8D67-BB39C277C47A}.Debug|x86.ActiveCfg = Debug|Any CPU
		{885B024C-8BAD-45B1-8D67-BB39C277C47A}.Debug|x86.Build.0 = Debug|Any CPU
		{885B024C-8BAD-45B1-8D67-BB39C277C47A}.Release|Any CPU.ActiveCfg = Release|Any CPU
		{885B024C-8BAD-45B1-8D67-BB39C277C47A}.Release|Any CPU.Build.0 = Release|Any CPU
		{885B024C-8BAD-45B1-8D67-BB39C277C47A}.Release|x64.ActiveCfg = Release|Any CPU
		{885B024C-8BAD-45B1-8D67-BB39C277C47A}.Release|x64.Build.0 = Release|Any CPU
		{885B024C-8BAD-45B1-8D67-BB39C277C47A}.Release|x86.ActiveCfg = Release|Any CPU
		{885B024C-8BAD-45B1-8D67-BB39C277C47A}.Release|x86.Build.0 = Release|Any CPU
		{3FA12CAD-FB42-4F8B-A603-736985F309D8}.Debug|Any CPU.ActiveCfg = Debug|Any CPU
		{3FA12CAD-FB42-4F8B-A603-736985F309D8}.Debug|Any CPU.Build.0 = Debug|Any CPU
		{3FA12CAD-FB42-4F8B-A603-736985F309D8}.Debug|x64.ActiveCfg = Debug|Any CPU
		{3FA12CAD-FB42-4F8B-A603-736985F309D8}.Debug|x64.Build.0 = Debug|Any CPU
		{3FA12CAD-FB42-4F8B-A603-736985F309D8}.Debug|x86.ActiveCfg = Debug|Any CPU
		{3FA12CAD-FB42-4F8B-A603-736985F309D8}.Debug|x86.Build.0 = Debug|Any CPU
		{3FA12CAD-FB42-4F8B-A603-736985F309D8}.Release|Any CPU.ActiveCfg = Release|Any CPU
		{3FA12CAD-FB42-4F8B-A603-736985F309D8}.Release|Any CPU.Build.0 = Release|Any CPU
		{3FA12CAD-FB42-4F8B-A603-736985F309D8}.Release|x64.ActiveCfg = Release|Any CPU
		{3FA12CAD-FB42-4F8B-A603-736985F309D8}.Release|x64.Build.0 = Release|Any CPU
		{3FA12CAD-FB42-4F8B-A603-736985F309D8}.Release|x86.ActiveCfg = Release|Any CPU
		{3FA12CAD-FB42-4F8B-A603-736985F309D8}.Release|x86.Build.0 = Release|Any CPU
		{CBB4DAB6-77D1-4365-949F-D60A6ABA0658}.Debug|Any CPU.ActiveCfg = Debug|Any CPU
		{CBB4DAB6-77D1-4365-949F-D60A6ABA0658}.Debug|Any CPU.Build.0 = Debug|Any CPU
		{CBB4DAB6-77D1-4365-949F-D60A6ABA0658}.Debug|x64.ActiveCfg = Debug|Any CPU
		{CBB4DAB6-77D1-4365-949F-D60A6ABA0658}.Debug|x64.Build.0 = Debug|Any CPU
		{CBB4DAB6-77D1-4365-949F-D60A6ABA0658}.Debug|x86.ActiveCfg = Debug|Any CPU
		{CBB4DAB6-77D1-4365-949F-D60A6ABA0658}.Debug|x86.Build.0 = Debug|Any CPU
		{CBB4DAB6-77D1-4365-949F-D60A6ABA0658}.Release|Any CPU.ActiveCfg = Release|Any CPU
		{CBB4DAB6-77D1-4365-949F-D60A6ABA0658}.Release|Any CPU.Build.0 = Release|Any CPU
		{CBB4DAB6-77D1-4365-949F-D60A6ABA0658}.Release|x64.ActiveCfg = Release|Any CPU
		{CBB4DAB6-77D1-4365-949F-D60A6ABA0658}.Release|x64.Build.0 = Release|Any CPU
		{CBB4DAB6-77D1-4365-949F-D60A6ABA0658}.Release|x86.ActiveCfg = Release|Any CPU
		{CBB4DAB6-77D1-4365-949F-D60A6ABA0658}.Release|x86.Build.0 = Release|Any CPU
		{AE9A37D5-5ED8-4760-9327-C93C39D9B51C}.Debug|Any CPU.ActiveCfg = Debug|Any CPU
		{AE9A37D5-5ED8-4760-9327-C93C39D9B51C}.Debug|Any CPU.Build.0 = Debug|Any CPU
		{AE9A37D5-5ED8-4760-9327-C93C39D9B51C}.Debug|x64.ActiveCfg = Debug|Any CPU
		{AE9A37D5-5ED8-4760-9327-C93C39D9B51C}.Debug|x64.Build.0 = Debug|Any CPU
		{AE9A37D5-5ED8-4760-9327-C93C39D9B51C}.Debug|x86.ActiveCfg = Debug|Any CPU
		{AE9A37D5-5ED8-4760-9327-C93C39D9B51C}.Debug|x86.Build.0 = Debug|Any CPU
		{AE9A37D5-5ED8-4760-9327-C93C39D9B51C}.Release|Any CPU.ActiveCfg = Release|Any CPU
		{AE9A37D5-5ED8-4760-9327-C93C39D9B51C}.Release|Any CPU.Build.0 = Release|Any CPU
		{AE9A37D5-5ED8-4760-9327-C93C39D9B51C}.Release|x64.ActiveCfg = Release|Any CPU
		{AE9A37D5-5ED8-4760-9327-C93C39D9B51C}.Release|x64.Build.0 = Release|Any CPU
		{AE9A37D5-5ED8-4760-9327-C93C39D9B51C}.Release|x86.ActiveCfg = Release|Any CPU
		{AE9A37D5-5ED8-4760-9327-C93C39D9B51C}.Release|x86.Build.0 = Release|Any CPU
		{E18DE1A8-0363-487B-B79C-568437DF0C84}.Debug|Any CPU.ActiveCfg = Debug|Any CPU
		{E18DE1A8-0363-487B-B79C-568437DF0C84}.Debug|Any CPU.Build.0 = Debug|Any CPU
		{E18DE1A8-0363-487B-B79C-568437DF0C84}.Debug|x64.ActiveCfg = Debug|Any CPU
		{E18DE1A8-0363-487B-B79C-568437DF0C84}.Debug|x64.Build.0 = Debug|Any CPU
		{E18DE1A8-0363-487B-B79C-568437DF0C84}.Debug|x86.ActiveCfg = Debug|Any CPU
		{E18DE1A8-0363-487B-B79C-568437DF0C84}.Debug|x86.Build.0 = Debug|Any CPU
		{E18DE1A8-0363-487B-B79C-568437DF0C84}.Release|Any CPU.ActiveCfg = Release|Any CPU
		{E18DE1A8-0363-487B-B79C-568437DF0C84}.Release|Any CPU.Build.0 = Release|Any CPU
		{E18DE1A8-0363-487B-B79C-568437DF0C84}.Release|x64.ActiveCfg = Release|Any CPU
		{E18DE1A8-0363-487B-B79C-568437DF0C84}.Release|x64.Build.0 = Release|Any CPU
		{E18DE1A8-0363-487B-B79C-568437DF0C84}.Release|x86.ActiveCfg = Release|Any CPU
		{E18DE1A8-0363-487B-B79C-568437DF0C84}.Release|x86.Build.0 = Release|Any CPU
	EndGlobalSection
	GlobalSection(NestedProjects) = preSolution
		{AA0DBD65-3D49-470E-A230-B297FF575727} = {4EFA4FA8-C21B-420A-B2BA-F7CD95F872E6}
		{85835A14-7341-4152-A4A0-894F8208F9A3} = {4EFA4FA8-C21B-420A-B2BA-F7CD95F872E6}
		{6A4DB4C2-2ED8-441D-9167-3C85D65857E4} = {85835A14-7341-4152-A4A0-894F8208F9A3}
		{D26C8CAE-D200-4EC9-870F-CBAB7A2E5F0C} = {6A4DB4C2-2ED8-441D-9167-3C85D65857E4}
		{734FEB76-43BC-4D29-A6DC-EA751AB644C9} = {6A4DB4C2-2ED8-441D-9167-3C85D65857E4}
		{EF642FC5-7815-415F-8C51-A8589C0600CB} = {734FEB76-43BC-4D29-A6DC-EA751AB644C9}
		{535D497B-F217-4333-8629-87F95C7D49B3} = {EF642FC5-7815-415F-8C51-A8589C0600CB}
		{6FF833EC-663C-43CE-9511-79423C416D67} = {EF642FC5-7815-415F-8C51-A8589C0600CB}
		{B6BAFFA8-4834-40CC-97DB-837F3F7FE01A} = {EF642FC5-7815-415F-8C51-A8589C0600CB}
		{3A1CAA86-E37E-4CD6-95C3-0E77D896D86B} = {85835A14-7341-4152-A4A0-894F8208F9A3}
		{478FE093-E9D1-42AF-B947-8D80F91564A6} = {3A1CAA86-E37E-4CD6-95C3-0E77D896D86B}
		{DD09B0DA-A5EB-4F86-A583-EBE89B6F0394} = {4EFA4FA8-C21B-420A-B2BA-F7CD95F872E6}
		{B37E77CA-BD33-4AC8-8344-BEBA134550C6} = {4EFA4FA8-C21B-420A-B2BA-F7CD95F872E6}
		{C89AADE8-22D8-472D-BED8-25611B2ACD77} = {B37E77CA-BD33-4AC8-8344-BEBA134550C6}
		{854AFFAC-C325-484E-A2A0-0414BA9F5861} = {C89AADE8-22D8-472D-BED8-25611B2ACD77}
		{86FA48FE-3DAC-48CC-B661-1FBD307E95DC} = {C89AADE8-22D8-472D-BED8-25611B2ACD77}
		{885B024C-8BAD-45B1-8D67-BB39C277C47A} = {C89AADE8-22D8-472D-BED8-25611B2ACD77}
		{3FA12CAD-FB42-4F8B-A603-736985F309D8} = {C89AADE8-22D8-472D-BED8-25611B2ACD77}
		{C15DF92E-02E4-4CE8-B9C7-9D4B939F69AD} = {B37E77CA-BD33-4AC8-8344-BEBA134550C6}
		{CBB4DAB6-77D1-4365-949F-D60A6ABA0658} = {C15DF92E-02E4-4CE8-B9C7-9D4B939F69AD}
		{AE9A37D5-5ED8-4760-9327-C93C39D9B51C} = {B2D09F80-39FB-4010-835F-9B4EDDB2FA76}
		{E18DE1A8-0363-487B-B79C-568437DF0C84} = {B2D09F80-39FB-4010-835F-9B4EDDB2FA76}
	EndGlobalSection
EndGlobal
